{
  "object": {
    "pins": [
      {
        "package": "AdvancedPageControl",
        "repositoryURL": "https://github.com/mohn93/AdvancedPageControl.git",
        "state": {
          "branch": null,
          "revision": "0dbe238ed2be3d46fb255e63c94e1e7ffd10b460",
          "version": "0.9.0"
        }
      },
      {
        "package": "Alamofire",
        "repositoryURL": "https://github.com/Alamofire/Alamofire.git",
        "state": {
          "branch": null,
          "revision": "f82c23a8a7ef8dc1a49a8bfc6a96883e79121864",
          "version": "5.5.0"
        }
      },
      {
        "package": "AlamofireImage",
        "repositoryURL": "https://github.com/Alamofire/AlamofireImage.git",
        "state": {
          "branch": null,
          "revision": "98cbb00ce0ec5fc8e52a5b50a6bfc08d3e5aee10",
          "version": "4.2.0"
        }
      },
      {
        "package": "ImageSlideshow",
        "repositoryURL": "https://github.com/zvonicek/ImageSlideshow.git",
        "state": {
          "branch": "master",
          "revision": "9a5900104a2c9a5bde32dabb35b07da30ee7bc0e",
          "version": null
        }
      },
      {
        "package": "Kingfisher",
        "repositoryURL": "https://github.com/onevcat/Kingfisher.git",
        "state": {
          "branch": null,
          "revision": "1a0c2df04b31ed7aa318354f3583faea24f006fc",
          "version": "5.15.8"
        }
      },
      {
        "package": "PanModal",
        "repositoryURL": "https://github.com/slackhq/PanModal.git",
        "state": {
          "branch": null,
          "revision": "b012aecb6b67a8e46369227f893c12544846613f",
          "version": "1.2.7"
        }
      },
      {
        "package": "SDWebImage",
        "repositoryURL": "https://github.com/SDWebImage/SDWebImage.git",
        "state": {
          "branch": null,
          "revision": "a72df4849408da7e5d3c1b586797b7c601c41d1b",
          "version": "5.12.1"
        }
      },
      {
        "package": "SnapKit",
        "repositoryURL": "https://github.com/SnapKit/SnapKit.git",
        "state": {
          "branch": null,
          "revision": "d458564516e5676af9c70b4f4b2a9178294f1bc6",
          "version": "5.0.1"
        }
      }
    ]
  },
  "version": 1
}
