// !$*UTF8*$!
{
	archiveVersion = 1;
	classes = {
	};
	objectVersion = 52;
	objects = {

/* Begin PBXBuildFile section */
		7AF62CDB543864BB0A3D5670 /* Pods_Tipkle.framework in Frameworks */ = {isa = PBXBuildFile; fileRef = 99D65FA7D8ABE57F8F0CBBA2 /* Pods_Tipkle.framework */; };
		DA445F76275F98FD00A760D5 /* HomePagerViewController.swift in Sources */ = {isa = PBXBuildFile; fileRef = DA445F74275F98FD00A760D5 /* HomePagerViewController.swift */; };
		DA445F77275F98FD00A760D5 /* HomePagerViewController.xib in Resources */ = {isa = PBXBuildFile; fileRef = DA445F75275F98FD00A760D5 /* HomePagerViewController.xib */; };
		DA445F7A275F997200A760D5 /* HomePagerChildViewController.swift in Sources */ = {isa = PBXBuildFile; fileRef = DA445F78275F997200A760D5 /* HomePagerChildViewController.swift */; };
		DA445F7B275F997200A760D5 /* HomePagerChildViewController.xib in Resources */ = {isa = PBXBuildFile; fileRef = DA445F79275F997200A760D5 /* HomePagerChildViewController.xib */; };
		DA87B6F7270CA6F40012D133 /* Constant.swift in Sources */ = {isa = PBXBuildFile; fileRef = DA87B6C1270CA6F40012D133 /* Constant.swift */; };
		DA87B6F8270CA6F40012D133 /* IndicatorView.swift in Sources */ = {isa = PBXBuildFile; fileRef = DA87B6C3270CA6F40012D133 /* IndicatorView.swift */; };
		DA87B6F9270CA6F40012D133 /* Device.swift in Sources */ = {isa = PBXBuildFile; fileRef = DA87B6C4270CA6F40012D133 /* Device.swift */; };
		DA87B6FA270CA6F40012D133 /* Date.swift in Sources */ = {isa = PBXBuildFile; fileRef = DA87B6C6270CA6F40012D133 /* Date.swift */; };
		DA87B6FB270CA6F40012D133 /* String.swift in Sources */ = {isa = PBXBuildFile; fileRef = DA87B6C7270CA6F40012D133 /* String.swift */; };
		DA87B6FC270CA6F40012D133 /* UIButton.swift in Sources */ = {isa = PBXBuildFile; fileRef = DA87B6C8270CA6F40012D133 /* UIButton.swift */; };
		DA87B6FD270CA6F40012D133 /* UIViewController.swift in Sources */ = {isa = PBXBuildFile; fileRef = DA87B6C9270CA6F40012D133 /* UIViewController.swift */; };
		DA87B6FE270CA6F40012D133 /* UINavigationBar.swift in Sources */ = {isa = PBXBuildFile; fileRef = DA87B6CA270CA6F40012D133 /* UINavigationBar.swift */; };
		DA87B6FF270CA6F40012D133 /* UIFont.swift in Sources */ = {isa = PBXBuildFile; fileRef = DA87B6CB270CA6F40012D133 /* UIFont.swift */; };
		DA87B700270CA6F40012D133 /* Color.swift in Sources */ = {isa = PBXBuildFile; fileRef = DA87B6CC270CA6F40012D133 /* Color.swift */; };
		DA87B702270CA6F40012D133 /* NotoSansCJKkr-Medium.otf in Resources */ = {isa = PBXBuildFile; fileRef = DA87B6D0270CA6F40012D133 /* NotoSansCJKkr-Medium.otf */; };
		DA87B703270CA6F40012D133 /* NotoSansCJKkr-Regular.otf in Resources */ = {isa = PBXBuildFile; fileRef = DA87B6D1270CA6F40012D133 /* NotoSansCJKkr-Regular.otf */; };
		DA87B704270CA6F40012D133 /* NotoSansCJKkr-Bold.otf in Resources */ = {isa = PBXBuildFile; fileRef = DA87B6D2270CA6F40012D133 /* NotoSansCJKkr-Bold.otf */; };
		DA87B705270CA6F40012D133 /* BaseTabBarController.swift in Sources */ = {isa = PBXBuildFile; fileRef = DA87B6D4270CA6F40012D133 /* BaseTabBarController.swift */; };
		DA87B706270CA6F40012D133 /* BaseViewController.swift in Sources */ = {isa = PBXBuildFile; fileRef = DA87B6D5270CA6F40012D133 /* BaseViewController.swift */; };
		DA87B707270CA6F40012D133 /* LoginViewController.swift in Sources */ = {isa = PBXBuildFile; fileRef = DA87B6D8270CA6F40012D133 /* LoginViewController.swift */; };
		DA87B708270CA6F40012D133 /* LoginViewController.xib in Resources */ = {isa = PBXBuildFile; fileRef = DA87B6D9270CA6F40012D133 /* LoginViewController.xib */; };
		DA87B70B270CA6F40012D133 /* KakaoLoginResponse.swift in Sources */ = {isa = PBXBuildFile; fileRef = DA87B6DF270CA6F40012D133 /* KakaoLoginResponse.swift */; };
		DA87B70C270CA6F40012D133 /* KakaoLoginRequest.swift in Sources */ = {isa = PBXBuildFile; fileRef = DA87B6E0270CA6F40012D133 /* KakaoLoginRequest.swift */; };
		DA87B70D270CA6F40012D133 /* SignInViewController.xib in Resources */ = {isa = PBXBuildFile; fileRef = DA87B6E1270CA6F40012D133 /* SignInViewController.xib */; };
		DA87B70E270CA6F40012D133 /* SignInViewController.swift in Sources */ = {isa = PBXBuildFile; fileRef = DA87B6E2270CA6F40012D133 /* SignInViewController.swift */; };
		DA87B714270CA6F40012D133 /* TransitionNextViewController.swift in Sources */ = {isa = PBXBuildFile; fileRef = DA87B6EE270CA6F40012D133 /* TransitionNextViewController.swift */; };
		DA87B715270CA6F40012D133 /* TransitionNextViewController.xib in Resources */ = {isa = PBXBuildFile; fileRef = DA87B6EF270CA6F40012D133 /* TransitionNextViewController.xib */; };
		DA87B716270CA6F40012D133 /* TransitionViewController.swift in Sources */ = {isa = PBXBuildFile; fileRef = DA87B6F0270CA6F40012D133 /* TransitionViewController.swift */; };
		DA87B717270CA6F40012D133 /* TransitionViewController.xib in Resources */ = {isa = PBXBuildFile; fileRef = DA87B6F1270CA6F40012D133 /* TransitionViewController.xib */; };
		DA87B718270CA6F40012D133 /* ActionViewController.swift in Sources */ = {isa = PBXBuildFile; fileRef = DA87B6F2270CA6F40012D133 /* ActionViewController.swift */; };
		DA87B719270CA6F40012D133 /* AlertViewController.xib in Resources */ = {isa = PBXBuildFile; fileRef = DA87B6F4270CA6F40012D133 /* AlertViewController.xib */; };
		DA87B71A270CA6F40012D133 /* AlertViewController.swift in Sources */ = {isa = PBXBuildFile; fileRef = DA87B6F5270CA6F40012D133 /* AlertViewController.swift */; };
		DA87B71B270CA6F40012D133 /* ActionViewController.xib in Resources */ = {isa = PBXBuildFile; fileRef = DA87B6F6270CA6F40012D133 /* ActionViewController.xib */; };
		DA87B71D270CA82F0012D133 /* JwtToken.swift in Sources */ = {isa = PBXBuildFile; fileRef = DA87B71C270CA82F0012D133 /* JwtToken.swift */; };
		DA87B720270CA9380012D133 /* SnapKit in Frameworks */ = {isa = PBXBuildFile; productRef = DA87B71F270CA9380012D133 /* SnapKit */; };
		DA97644D270224BA007A7B7F /* HomeTip.swift in Sources */ = {isa = PBXBuildFile; fileRef = DA97644C270224BA007A7B7F /* HomeTip.swift */; };
		DA97644F27023B66007A7B7F /* TipListViewController.swift in Sources */ = {isa = PBXBuildFile; fileRef = DA97644E27023B66007A7B7F /* TipListViewController.swift */; };
		DA97645427025942007A7B7F /* LookAroundTip.swift in Sources */ = {isa = PBXBuildFile; fileRef = DA97645327025942007A7B7F /* LookAroundTip.swift */; };
		DAA30AEC2755055400D665D6 /* LoginDataManager.swift in Sources */ = {isa = PBXBuildFile; fileRef = DAA30AEB2755055400D665D6 /* LoginDataManager.swift */; };
		DAA30AEE275512E500D665D6 /* GoogleService-Info.plist in Resources */ = {isa = PBXBuildFile; fileRef = DAA30AED275512E500D665D6 /* GoogleService-Info.plist */; };
		DAA30AF727552E6300D665D6 /* fcmToken.swift in Sources */ = {isa = PBXBuildFile; fileRef = DAA30AF627552E6300D665D6 /* fcmToken.swift */; };
		DAAB0E2B2703B0EE007659FD /* SearchPagerViewController.swift in Sources */ = {isa = PBXBuildFile; fileRef = DAAB0E2A2703B0EE007659FD /* SearchPagerViewController.swift */; };
		DAAB0E312703B608007659FD /* PopularKeyword.swift in Sources */ = {isa = PBXBuildFile; fileRef = DAAB0E302703B608007659FD /* PopularKeyword.swift */; };
		DAAB0E332703BBDD007659FD /* PopularKeywordViewController.swift in Sources */ = {isa = PBXBuildFile; fileRef = DAAB0E322703BBDD007659FD /* PopularKeywordViewController.swift */; };
		DAC6D83627593F7A004625FB /* GetUserCeategoryResponse.swift in Sources */ = {isa = PBXBuildFile; fileRef = DAC6D83527593F7A004625FB /* GetUserCeategoryResponse.swift */; };
		DAD40FFB26FDD790008358B5 /* AppDelegate.swift in Sources */ = {isa = PBXBuildFile; fileRef = DAD40FFA26FDD790008358B5 /* AppDelegate.swift */; };
		DAD40FFD26FDD790008358B5 /* SceneDelegate.swift in Sources */ = {isa = PBXBuildFile; fileRef = DAD40FFC26FDD790008358B5 /* SceneDelegate.swift */; };
		DAD4100226FDD790008358B5 /* Main.storyboard in Resources */ = {isa = PBXBuildFile; fileRef = DAD4100026FDD790008358B5 /* Main.storyboard */; };
		DAD4100426FDD791008358B5 /* Assets.xcassets in Resources */ = {isa = PBXBuildFile; fileRef = DAD4100326FDD791008358B5 /* Assets.xcassets */; };
		DAD4100726FDD791008358B5 /* LaunchScreen.storyboard in Resources */ = {isa = PBXBuildFile; fileRef = DAD4100526FDD791008358B5 /* LaunchScreen.storyboard */; };
		DAD9A263275930EA00E99682 /* HomeViewController.swift in Sources */ = {isa = PBXBuildFile; fileRef = DAD9A261275930EA00E99682 /* HomeViewController.swift */; };
		DAD9A264275930EA00E99682 /* HomeViewController.xib in Resources */ = {isa = PBXBuildFile; fileRef = DAD9A262275930EA00E99682 /* HomeViewController.xib */; };
		DAE5C3442758BCBE001C75BE /* TipkleViewController.swift in Sources */ = {isa = PBXBuildFile; fileRef = DAE5C3422758BCBE001C75BE /* TipkleViewController.swift */; };
		DAE5C3452758BCBE001C75BE /* TipkleViewController.xib in Resources */ = {isa = PBXBuildFile; fileRef = DAE5C3432758BCBE001C75BE /* TipkleViewController.xib */; };
		DAE5C3522758BFB2001C75BE /* SearchViewController.swift in Sources */ = {isa = PBXBuildFile; fileRef = DAE5C3502758BFB2001C75BE /* SearchViewController.swift */; };
		DAE5C3532758BFB2001C75BE /* SearchViewController.xib in Resources */ = {isa = PBXBuildFile; fileRef = DAE5C3512758BFB2001C75BE /* SearchViewController.xib */; };
		DAE5C3562758BFC5001C75BE /* MyPageViewController.swift in Sources */ = {isa = PBXBuildFile; fileRef = DAE5C3542758BFC5001C75BE /* MyPageViewController.swift */; };
		DAE5C3572758BFC5001C75BE /* MyPageViewController.xib in Resources */ = {isa = PBXBuildFile; fileRef = DAE5C3552758BFC5001C75BE /* MyPageViewController.xib */; };
		DAE5C3592758DBAE001C75BE /* BaseResponse.swift in Sources */ = {isa = PBXBuildFile; fileRef = DAE5C3582758DBAE001C75BE /* BaseResponse.swift */; };
		DAE5C35C2759289C001C75BE /* HomeDataManager.swift in Sources */ = {isa = PBXBuildFile; fileRef = DAE5C35B2759289C001C75BE /* HomeDataManager.swift */; };
/* End PBXBuildFile section */

/* Begin PBXFileReference section */
		23449EE9BB5C631C87FD11C5 /* Pods-Tipkle.debug.xcconfig */ = {isa = PBXFileReference; includeInIndex = 1; lastKnownFileType = text.xcconfig; name = "Pods-Tipkle.debug.xcconfig"; path = "Target Support Files/Pods-Tipkle/Pods-Tipkle.debug.xcconfig"; sourceTree = "<group>"; };
		2347202900326E948E2427DF /* Pods-Tipkle.release.xcconfig */ = {isa = PBXFileReference; includeInIndex = 1; lastKnownFileType = text.xcconfig; name = "Pods-Tipkle.release.xcconfig"; path = "Target Support Files/Pods-Tipkle/Pods-Tipkle.release.xcconfig"; sourceTree = "<group>"; };
		99D65FA7D8ABE57F8F0CBBA2 /* Pods_Tipkle.framework */ = {isa = PBXFileReference; explicitFileType = wrapper.framework; includeInIndex = 0; path = Pods_Tipkle.framework; sourceTree = BUILT_PRODUCTS_DIR; };
		DA445F74275F98FD00A760D5 /* HomePagerViewController.swift */ = {isa = PBXFileReference; lastKnownFileType = sourcecode.swift; path = HomePagerViewController.swift; sourceTree = "<group>"; };
		DA445F75275F98FD00A760D5 /* HomePagerViewController.xib */ = {isa = PBXFileReference; lastKnownFileType = file.xib; path = HomePagerViewController.xib; sourceTree = "<group>"; };
		DA445F78275F997200A760D5 /* HomePagerChildViewController.swift */ = {isa = PBXFileReference; lastKnownFileType = sourcecode.swift; path = HomePagerChildViewController.swift; sourceTree = "<group>"; };
		DA445F79275F997200A760D5 /* HomePagerChildViewController.xib */ = {isa = PBXFileReference; lastKnownFileType = file.xib; path = HomePagerChildViewController.xib; sourceTree = "<group>"; };
		DA87B6C1270CA6F40012D133 /* Constant.swift */ = {isa = PBXFileReference; fileEncoding = 4; lastKnownFileType = sourcecode.swift; path = Constant.swift; sourceTree = "<group>"; };
		DA87B6C3270CA6F40012D133 /* IndicatorView.swift */ = {isa = PBXFileReference; fileEncoding = 4; lastKnownFileType = sourcecode.swift; path = IndicatorView.swift; sourceTree = "<group>"; };
		DA87B6C4270CA6F40012D133 /* Device.swift */ = {isa = PBXFileReference; fileEncoding = 4; lastKnownFileType = sourcecode.swift; path = Device.swift; sourceTree = "<group>"; };
		DA87B6C6270CA6F40012D133 /* Date.swift */ = {isa = PBXFileReference; fileEncoding = 4; lastKnownFileType = sourcecode.swift; path = Date.swift; sourceTree = "<group>"; };
		DA87B6C7270CA6F40012D133 /* String.swift */ = {isa = PBXFileReference; fileEncoding = 4; lastKnownFileType = sourcecode.swift; path = String.swift; sourceTree = "<group>"; };
		DA87B6C8270CA6F40012D133 /* UIButton.swift */ = {isa = PBXFileReference; fileEncoding = 4; lastKnownFileType = sourcecode.swift; path = UIButton.swift; sourceTree = "<group>"; };
		DA87B6C9270CA6F40012D133 /* UIViewController.swift */ = {isa = PBXFileReference; fileEncoding = 4; lastKnownFileType = sourcecode.swift; path = UIViewController.swift; sourceTree = "<group>"; };
		DA87B6CA270CA6F40012D133 /* UINavigationBar.swift */ = {isa = PBXFileReference; fileEncoding = 4; lastKnownFileType = sourcecode.swift; path = UINavigationBar.swift; sourceTree = "<group>"; };
		DA87B6CB270CA6F40012D133 /* UIFont.swift */ = {isa = PBXFileReference; fileEncoding = 4; lastKnownFileType = sourcecode.swift; path = UIFont.swift; sourceTree = "<group>"; };
		DA87B6CC270CA6F40012D133 /* Color.swift */ = {isa = PBXFileReference; fileEncoding = 4; lastKnownFileType = sourcecode.swift; path = Color.swift; sourceTree = "<group>"; };
		DA87B6D0270CA6F40012D133 /* NotoSansCJKkr-Medium.otf */ = {isa = PBXFileReference; lastKnownFileType = file; path = "NotoSansCJKkr-Medium.otf"; sourceTree = "<group>"; };
		DA87B6D1270CA6F40012D133 /* NotoSansCJKkr-Regular.otf */ = {isa = PBXFileReference; lastKnownFileType = file; path = "NotoSansCJKkr-Regular.otf"; sourceTree = "<group>"; };
		DA87B6D2270CA6F40012D133 /* NotoSansCJKkr-Bold.otf */ = {isa = PBXFileReference; lastKnownFileType = file; path = "NotoSansCJKkr-Bold.otf"; sourceTree = "<group>"; };
		DA87B6D4270CA6F40012D133 /* BaseTabBarController.swift */ = {isa = PBXFileReference; fileEncoding = 4; lastKnownFileType = sourcecode.swift; path = BaseTabBarController.swift; sourceTree = "<group>"; };
		DA87B6D5270CA6F40012D133 /* BaseViewController.swift */ = {isa = PBXFileReference; fileEncoding = 4; lastKnownFileType = sourcecode.swift; path = BaseViewController.swift; sourceTree = "<group>"; };
		DA87B6D8270CA6F40012D133 /* LoginViewController.swift */ = {isa = PBXFileReference; fileEncoding = 4; lastKnownFileType = sourcecode.swift; path = LoginViewController.swift; sourceTree = "<group>"; };
		DA87B6D9270CA6F40012D133 /* LoginViewController.xib */ = {isa = PBXFileReference; fileEncoding = 4; lastKnownFileType = file.xib; path = LoginViewController.xib; sourceTree = "<group>"; };
		DA87B6DF270CA6F40012D133 /* KakaoLoginResponse.swift */ = {isa = PBXFileReference; fileEncoding = 4; lastKnownFileType = sourcecode.swift; path = KakaoLoginResponse.swift; sourceTree = "<group>"; };
		DA87B6E0270CA6F40012D133 /* KakaoLoginRequest.swift */ = {isa = PBXFileReference; fileEncoding = 4; lastKnownFileType = sourcecode.swift; path = KakaoLoginRequest.swift; sourceTree = "<group>"; };
		DA87B6E1270CA6F40012D133 /* SignInViewController.xib */ = {isa = PBXFileReference; fileEncoding = 4; lastKnownFileType = file.xib; path = SignInViewController.xib; sourceTree = "<group>"; };
		DA87B6E2270CA6F40012D133 /* SignInViewController.swift */ = {isa = PBXFileReference; fileEncoding = 4; lastKnownFileType = sourcecode.swift; path = SignInViewController.swift; sourceTree = "<group>"; };
		DA87B6EE270CA6F40012D133 /* TransitionNextViewController.swift */ = {isa = PBXFileReference; fileEncoding = 4; lastKnownFileType = sourcecode.swift; path = TransitionNextViewController.swift; sourceTree = "<group>"; };
		DA87B6EF270CA6F40012D133 /* TransitionNextViewController.xib */ = {isa = PBXFileReference; fileEncoding = 4; lastKnownFileType = file.xib; path = TransitionNextViewController.xib; sourceTree = "<group>"; };
		DA87B6F0270CA6F40012D133 /* TransitionViewController.swift */ = {isa = PBXFileReference; fileEncoding = 4; lastKnownFileType = sourcecode.swift; path = TransitionViewController.swift; sourceTree = "<group>"; };
		DA87B6F1270CA6F40012D133 /* TransitionViewController.xib */ = {isa = PBXFileReference; fileEncoding = 4; lastKnownFileType = file.xib; path = TransitionViewController.xib; sourceTree = "<group>"; };
		DA87B6F2270CA6F40012D133 /* ActionViewController.swift */ = {isa = PBXFileReference; fileEncoding = 4; lastKnownFileType = sourcecode.swift; path = ActionViewController.swift; sourceTree = "<group>"; };
		DA87B6F4270CA6F40012D133 /* AlertViewController.xib */ = {isa = PBXFileReference; fileEncoding = 4; lastKnownFileType = file.xib; path = AlertViewController.xib; sourceTree = "<group>"; };
		DA87B6F5270CA6F40012D133 /* AlertViewController.swift */ = {isa = PBXFileReference; fileEncoding = 4; lastKnownFileType = sourcecode.swift; path = AlertViewController.swift; sourceTree = "<group>"; };
		DA87B6F6270CA6F40012D133 /* ActionViewController.xib */ = {isa = PBXFileReference; fileEncoding = 4; lastKnownFileType = file.xib; path = ActionViewController.xib; sourceTree = "<group>"; };
		DA87B71C270CA82F0012D133 /* JwtToken.swift */ = {isa = PBXFileReference; lastKnownFileType = sourcecode.swift; path = JwtToken.swift; sourceTree = "<group>"; };
		DA97644C270224BA007A7B7F /* HomeTip.swift */ = {isa = PBXFileReference; lastKnownFileType = sourcecode.swift; path = HomeTip.swift; sourceTree = "<group>"; };
		DA97644E27023B66007A7B7F /* TipListViewController.swift */ = {isa = PBXFileReference; lastKnownFileType = sourcecode.swift; path = TipListViewController.swift; sourceTree = "<group>"; };
		DA97645327025942007A7B7F /* LookAroundTip.swift */ = {isa = PBXFileReference; lastKnownFileType = sourcecode.swift; path = LookAroundTip.swift; sourceTree = "<group>"; };
		DAA30AEB2755055400D665D6 /* LoginDataManager.swift */ = {isa = PBXFileReference; lastKnownFileType = sourcecode.swift; path = LoginDataManager.swift; sourceTree = "<group>"; };
		DAA30AED275512E500D665D6 /* GoogleService-Info.plist */ = {isa = PBXFileReference; fileEncoding = 4; lastKnownFileType = text.plist.xml; name = "GoogleService-Info.plist"; path = "../../../../../../Downloads/GoogleService-Info.plist"; sourceTree = "<group>"; };
		DAA30AF627552E6300D665D6 /* fcmToken.swift */ = {isa = PBXFileReference; lastKnownFileType = sourcecode.swift; path = fcmToken.swift; sourceTree = "<group>"; };
		DAAB0E2A2703B0EE007659FD /* SearchPagerViewController.swift */ = {isa = PBXFileReference; lastKnownFileType = sourcecode.swift; path = SearchPagerViewController.swift; sourceTree = "<group>"; };
		DAAB0E302703B608007659FD /* PopularKeyword.swift */ = {isa = PBXFileReference; lastKnownFileType = sourcecode.swift; path = PopularKeyword.swift; sourceTree = "<group>"; };
		DAAB0E322703BBDD007659FD /* PopularKeywordViewController.swift */ = {isa = PBXFileReference; lastKnownFileType = sourcecode.swift; path = PopularKeywordViewController.swift; sourceTree = "<group>"; };
		DAC6D83527593F7A004625FB /* GetUserCeategoryResponse.swift */ = {isa = PBXFileReference; lastKnownFileType = sourcecode.swift; path = GetUserCeategoryResponse.swift; sourceTree = "<group>"; };
		DAD40FF726FDD790008358B5 /* Tipkle.app */ = {isa = PBXFileReference; explicitFileType = wrapper.application; includeInIndex = 0; path = Tipkle.app; sourceTree = BUILT_PRODUCTS_DIR; };
		DAD40FFA26FDD790008358B5 /* AppDelegate.swift */ = {isa = PBXFileReference; lastKnownFileType = sourcecode.swift; path = AppDelegate.swift; sourceTree = "<group>"; };
		DAD40FFC26FDD790008358B5 /* SceneDelegate.swift */ = {isa = PBXFileReference; lastKnownFileType = sourcecode.swift; path = SceneDelegate.swift; sourceTree = "<group>"; };
		DAD4100126FDD790008358B5 /* Base */ = {isa = PBXFileReference; lastKnownFileType = file.storyboard; name = Base; path = Base.lproj/Main.storyboard; sourceTree = "<group>"; };
		DAD4100326FDD791008358B5 /* Assets.xcassets */ = {isa = PBXFileReference; lastKnownFileType = folder.assetcatalog; path = Assets.xcassets; sourceTree = "<group>"; };
		DAD4100626FDD791008358B5 /* Base */ = {isa = PBXFileReference; lastKnownFileType = file.storyboard; name = Base; path = Base.lproj/LaunchScreen.storyboard; sourceTree = "<group>"; };
		DAD4100826FDD791008358B5 /* Info.plist */ = {isa = PBXFileReference; lastKnownFileType = text.plist.xml; path = Info.plist; sourceTree = "<group>"; };
		DAD9A261275930EA00E99682 /* HomeViewController.swift */ = {isa = PBXFileReference; lastKnownFileType = sourcecode.swift; path = HomeViewController.swift; sourceTree = "<group>"; };
		DAD9A262275930EA00E99682 /* HomeViewController.xib */ = {isa = PBXFileReference; lastKnownFileType = file.xib; path = HomeViewController.xib; sourceTree = "<group>"; };
		DAE5C3422758BCBE001C75BE /* TipkleViewController.swift */ = {isa = PBXFileReference; lastKnownFileType = sourcecode.swift; path = TipkleViewController.swift; sourceTree = "<group>"; };
		DAE5C3432758BCBE001C75BE /* TipkleViewController.xib */ = {isa = PBXFileReference; lastKnownFileType = file.xib; path = TipkleViewController.xib; sourceTree = "<group>"; };
		DAE5C3502758BFB2001C75BE /* SearchViewController.swift */ = {isa = PBXFileReference; lastKnownFileType = sourcecode.swift; path = SearchViewController.swift; sourceTree = "<group>"; };
		DAE5C3512758BFB2001C75BE /* SearchViewController.xib */ = {isa = PBXFileReference; lastKnownFileType = file.xib; path = SearchViewController.xib; sourceTree = "<group>"; };
		DAE5C3542758BFC5001C75BE /* MyPageViewController.swift */ = {isa = PBXFileReference; lastKnownFileType = sourcecode.swift; path = MyPageViewController.swift; sourceTree = "<group>"; };
		DAE5C3552758BFC5001C75BE /* MyPageViewController.xib */ = {isa = PBXFileReference; lastKnownFileType = file.xib; path = MyPageViewController.xib; sourceTree = "<group>"; };
		DAE5C3582758DBAE001C75BE /* BaseResponse.swift */ = {isa = PBXFileReference; lastKnownFileType = sourcecode.swift; path = BaseResponse.swift; sourceTree = "<group>"; };
		DAE5C35B2759289C001C75BE /* HomeDataManager.swift */ = {isa = PBXFileReference; lastKnownFileType = sourcecode.swift; path = HomeDataManager.swift; sourceTree = "<group>"; };
/* End PBXFileReference section */

/* Begin PBXFrameworksBuildPhase section */
		DAD40FF426FDD790008358B5 /* Frameworks */ = {
			isa = PBXFrameworksBuildPhase;
			buildActionMask = 2147483647;
			files = (
				7AF62CDB543864BB0A3D5670 /* Pods_Tipkle.framework in Frameworks */,
				DA87B720270CA9380012D133 /* SnapKit in Frameworks */,
			);
			runOnlyForDeploymentPostprocessing = 0;
		};
/* End PBXFrameworksBuildPhase section */

/* Begin PBXGroup section */
		0CFEB62541D2ADCC4F7B25F6 /* Pods */ = {
			isa = PBXGroup;
			children = (
				23449EE9BB5C631C87FD11C5 /* Pods-Tipkle.debug.xcconfig */,
				2347202900326E948E2427DF /* Pods-Tipkle.release.xcconfig */,
			);
			path = Pods;
			sourceTree = "<group>";
		};
		2678F6170DBFE20DEB527084 /* Frameworks */ = {
			isa = PBXGroup;
			children = (
				99D65FA7D8ABE57F8F0CBBA2 /* Pods_Tipkle.framework */,
			);
			name = Frameworks;
			sourceTree = "<group>";
		};
		DA17B82127576DF40053C5D3 /* Entity */ = {
			isa = PBXGroup;
			children = (
				DA87B6DF270CA6F40012D133 /* KakaoLoginResponse.swift */,
				DA87B6E0270CA6F40012D133 /* KakaoLoginRequest.swift */,
			);
			path = Entity;
			sourceTree = "<group>";
		};
		DA17B82227579B880053C5D3 /* Home */ = {
			isa = PBXGroup;
			children = (
				DAE5C35A2759288A001C75BE /* Entity */,
				DAE5C35B2759289C001C75BE /* HomeDataManager.swift */,
				DAD9A261275930EA00E99682 /* HomeViewController.swift */,
				DAD9A262275930EA00E99682 /* HomeViewController.xib */,
				DA445F74275F98FD00A760D5 /* HomePagerViewController.swift */,
				DA445F75275F98FD00A760D5 /* HomePagerViewController.xib */,
				DA445F78275F997200A760D5 /* HomePagerChildViewController.swift */,
				DA445F79275F997200A760D5 /* HomePagerChildViewController.xib */,
			);
			path = Home;
			sourceTree = "<group>";
		};
		DA17B82327579B940053C5D3 /* Tipkle */ = {
			isa = PBXGroup;
			children = (
				DAE5C3422758BCBE001C75BE /* TipkleViewController.swift */,
				DAE5C3432758BCBE001C75BE /* TipkleViewController.xib */,
			);
			path = Tipkle;
			sourceTree = "<group>";
		};
		DA17B82427579B9A0053C5D3 /* Search */ = {
			isa = PBXGroup;
			children = (
				DAE5C3502758BFB2001C75BE /* SearchViewController.swift */,
				DAE5C3512758BFB2001C75BE /* SearchViewController.xib */,
			);
			path = Search;
			sourceTree = "<group>";
		};
		DA17B82527579B9E0053C5D3 /* MyPage */ = {
			isa = PBXGroup;
			children = (
				DAE5C3542758BFC5001C75BE /* MyPageViewController.swift */,
				DAE5C3552758BFC5001C75BE /* MyPageViewController.xib */,
			);
			path = MyPage;
			sourceTree = "<group>";
		};
		DA87B6C0270CA6F40012D133 /* Configuration */ = {
			isa = PBXGroup;
			children = (
				DA87B6C1270CA6F40012D133 /* Constant.swift */,
				DA87B6C2270CA6F40012D133 /* CommonClass */,
				DA87B6CD270CA6F40012D133 /* Secret */,
				DA87B6CF270CA6F40012D133 /* Font */,
				DA87B6C5270CA6F40012D133 /* Extension */,
				DA87B6D3270CA6F40012D133 /* Base */,
			);
			path = Configuration;
			sourceTree = "<group>";
		};
		DA87B6C2270CA6F40012D133 /* CommonClass */ = {
			isa = PBXGroup;
			children = (
				DA87B6C3270CA6F40012D133 /* IndicatorView.swift */,
				DA87B6C4270CA6F40012D133 /* Device.swift */,
				DAE5C3582758DBAE001C75BE /* BaseResponse.swift */,
			);
			path = CommonClass;
			sourceTree = "<group>";
		};
		DA87B6C5270CA6F40012D133 /* Extension */ = {
			isa = PBXGroup;
			children = (
				DA87B6C6270CA6F40012D133 /* Date.swift */,
				DA87B6C7270CA6F40012D133 /* String.swift */,
				DA87B6C8270CA6F40012D133 /* UIButton.swift */,
				DA87B6C9270CA6F40012D133 /* UIViewController.swift */,
				DA87B6CA270CA6F40012D133 /* UINavigationBar.swift */,
				DA87B6CB270CA6F40012D133 /* UIFont.swift */,
				DA87B6CC270CA6F40012D133 /* Color.swift */,
			);
			path = Extension;
			sourceTree = "<group>";
		};
		DA87B6CD270CA6F40012D133 /* Secret */ = {
			isa = PBXGroup;
			children = (
				DA87B71C270CA82F0012D133 /* JwtToken.swift */,
				DAA30AF627552E6300D665D6 /* fcmToken.swift */,
			);
			path = Secret;
			sourceTree = "<group>";
		};
		DA87B6CF270CA6F40012D133 /* Font */ = {
			isa = PBXGroup;
			children = (
				DA87B6D0270CA6F40012D133 /* NotoSansCJKkr-Medium.otf */,
				DA87B6D1270CA6F40012D133 /* NotoSansCJKkr-Regular.otf */,
				DA87B6D2270CA6F40012D133 /* NotoSansCJKkr-Bold.otf */,
			);
			path = Font;
			sourceTree = "<group>";
		};
		DA87B6D3270CA6F40012D133 /* Base */ = {
			isa = PBXGroup;
			children = (
				DA87B6D4270CA6F40012D133 /* BaseTabBarController.swift */,
				DA87B6D5270CA6F40012D133 /* BaseViewController.swift */,
			);
			path = Base;
			sourceTree = "<group>";
		};
		DA87B6D6270CA6F40012D133 /* Sources */ = {
			isa = PBXGroup;
			children = (
				DA17B82527579B9E0053C5D3 /* MyPage */,
				DA17B82427579B9A0053C5D3 /* Search */,
				DA17B82327579B940053C5D3 /* Tipkle */,
				DA17B82227579B880053C5D3 /* Home */,
				DA87B6D7270CA6F40012D133 /* Login */,
				DA87B6DA270CA6F40012D133 /* Network */,
				DA87B6EB270CA6F40012D133 /* Action */,
			);
			path = Sources;
			sourceTree = "<group>";
		};
		DA87B6D7270CA6F40012D133 /* Login */ = {
			isa = PBXGroup;
			children = (
				DA17B82127576DF40053C5D3 /* Entity */,
				DAA30AEB2755055400D665D6 /* LoginDataManager.swift */,
				DA87B6D8270CA6F40012D133 /* LoginViewController.swift */,
				DA87B6D9270CA6F40012D133 /* LoginViewController.xib */,
			);
			path = Login;
			sourceTree = "<group>";
		};
		DA87B6DA270CA6F40012D133 /* Network */ = {
			isa = PBXGroup;
			children = (
				DA87B6DC270CA6F40012D133 /* SignIn */,
			);
			path = Network;
			sourceTree = "<group>";
		};
		DA87B6DC270CA6F40012D133 /* SignIn */ = {
			isa = PBXGroup;
			children = (
				DA87B6E1270CA6F40012D133 /* SignInViewController.xib */,
				DA87B6E2270CA6F40012D133 /* SignInViewController.swift */,
			);
			path = SignIn;
			sourceTree = "<group>";
		};
		DA87B6EB270CA6F40012D133 /* Action */ = {
			isa = PBXGroup;
			children = (
				DA87B6EC270CA6F40012D133 /* Transition */,
				DA87B6F2270CA6F40012D133 /* ActionViewController.swift */,
				DA87B6F3270CA6F40012D133 /* Alert */,
				DA87B6F6270CA6F40012D133 /* ActionViewController.xib */,
			);
			path = Action;
			sourceTree = "<group>";
		};
		DA87B6EC270CA6F40012D133 /* Transition */ = {
			isa = PBXGroup;
			children = (
				DA87B6ED270CA6F40012D133 /* Next */,
				DA87B6F0270CA6F40012D133 /* TransitionViewController.swift */,
				DA87B6F1270CA6F40012D133 /* TransitionViewController.xib */,
			);
			path = Transition;
			sourceTree = "<group>";
		};
		DA87B6ED270CA6F40012D133 /* Next */ = {
			isa = PBXGroup;
			children = (
				DA87B6EE270CA6F40012D133 /* TransitionNextViewController.swift */,
				DA87B6EF270CA6F40012D133 /* TransitionNextViewController.xib */,
			);
			path = Next;
			sourceTree = "<group>";
		};
		DA87B6F3270CA6F40012D133 /* Alert */ = {
			isa = PBXGroup;
			children = (
				DA87B6F4270CA6F40012D133 /* AlertViewController.xib */,
				DA87B6F5270CA6F40012D133 /* AlertViewController.swift */,
			);
			path = Alert;
			sourceTree = "<group>";
		};
		DAD40FEE26FDD790008358B5 = {
			isa = PBXGroup;
			children = (
				DAD40FF926FDD790008358B5 /* Tipkle */,
				DAD40FF826FDD790008358B5 /* Products */,
				0CFEB62541D2ADCC4F7B25F6 /* Pods */,
				2678F6170DBFE20DEB527084 /* Frameworks */,
			);
			sourceTree = "<group>";
		};
		DAD40FF826FDD790008358B5 /* Products */ = {
			isa = PBXGroup;
			children = (
				DAD40FF726FDD790008358B5 /* Tipkle.app */,
			);
			name = Products;
			sourceTree = "<group>";
		};
		DAD40FF926FDD790008358B5 /* Tipkle */ = {
			isa = PBXGroup;
			children = (
				DAA30AED275512E500D665D6 /* GoogleService-Info.plist */,
				DAD4100326FDD791008358B5 /* Assets.xcassets */,
				DAD40FFA26FDD790008358B5 /* AppDelegate.swift */,
				DAD40FFC26FDD790008358B5 /* SceneDelegate.swift */,
				DA87B6C0270CA6F40012D133 /* Configuration */,
				DA87B6D6270CA6F40012D133 /* Sources */,
				DAD4101126FDD9B4008358B5 /* Model */,
				DAD4100F26FDD96E008358B5 /* View */,
				DAD4101026FDD996008358B5 /* Controller */,
				DAD4100826FDD791008358B5 /* Info.plist */,
			);
			path = Tipkle;
			sourceTree = "<group>";
		};
		DAD4100F26FDD96E008358B5 /* View */ = {
			isa = PBXGroup;
			children = (
				DAD4100526FDD791008358B5 /* LaunchScreen.storyboard */,
				DAD4100026FDD790008358B5 /* Main.storyboard */,
			);
			path = View;
			sourceTree = "<group>";
		};
		DAD4101026FDD996008358B5 /* Controller */ = {
			isa = PBXGroup;
			children = (
				DA97644E27023B66007A7B7F /* TipListViewController.swift */,
				DAAB0E2A2703B0EE007659FD /* SearchPagerViewController.swift */,
				DAAB0E322703BBDD007659FD /* PopularKeywordViewController.swift */,
			);
			path = Controller;
			sourceTree = "<group>";
		};
		DAD4101126FDD9B4008358B5 /* Model */ = {
			isa = PBXGroup;
			children = (
				DA97644C270224BA007A7B7F /* HomeTip.swift */,
				DA97645327025942007A7B7F /* LookAroundTip.swift */,
				DAAB0E302703B608007659FD /* PopularKeyword.swift */,
			);
			path = Model;
			sourceTree = "<group>";
		};
		DAE5C35A2759288A001C75BE /* Entity */ = {
			isa = PBXGroup;
			children = (
				DAC6D83527593F7A004625FB /* GetUserCeategoryResponse.swift */,
			);
			path = Entity;
			sourceTree = "<group>";
		};
/* End PBXGroup section */

/* Begin PBXNativeTarget section */
		DAD40FF626FDD790008358B5 /* Tipkle */ = {
			isa = PBXNativeTarget;
			buildConfigurationList = DAD4100B26FDD791008358B5 /* Build configuration list for PBXNativeTarget "Tipkle" */;
			buildPhases = (
				586906B1FB3B84457C938298 /* [CP] Check Pods Manifest.lock */,
				DAD40FF326FDD790008358B5 /* Sources */,
				DAD40FF426FDD790008358B5 /* Frameworks */,
				DAD40FF526FDD790008358B5 /* Resources */,
				C719DADFC6670E73F51F2FC1 /* [CP] Embed Pods Frameworks */,
			);
			buildRules = (
			);
			dependencies = (
			);
			name = Tipkle;
			packageProductDependencies = (
				DA87B71F270CA9380012D133 /* SnapKit */,
			);
			productName = Tipkle;
			productReference = DAD40FF726FDD790008358B5 /* Tipkle.app */;
			productType = "com.apple.product-type.application";
		};
/* End PBXNativeTarget section */

/* Begin PBXProject section */
		DAD40FEF26FDD790008358B5 /* Project object */ = {
			isa = PBXProject;
			attributes = {
				LastSwiftUpdateCheck = 1250;
				LastUpgradeCheck = 1250;
				TargetAttributes = {
					DAD40FF626FDD790008358B5 = {
						CreatedOnToolsVersion = 12.5;
					};
				};
			};
			buildConfigurationList = DAD40FF226FDD790008358B5 /* Build configuration list for PBXProject "Tipkle" */;
			compatibilityVersion = "Xcode 9.3";
			developmentRegion = en;
			hasScannedForEncodings = 0;
			knownRegions = (
				en,
				Base,
			);
			mainGroup = DAD40FEE26FDD790008358B5;
			packageReferences = (
				DA87B71E270CA9380012D133 /* XCRemoteSwiftPackageReference "SnapKit" */,
			);
			productRefGroup = DAD40FF826FDD790008358B5 /* Products */;
			projectDirPath = "";
			projectRoot = "";
			targets = (
				DAD40FF626FDD790008358B5 /* Tipkle */,
			);
		};
/* End PBXProject section */

/* Begin PBXResourcesBuildPhase section */
		DAD40FF526FDD790008358B5 /* Resources */ = {
			isa = PBXResourcesBuildPhase;
			buildActionMask = 2147483647;
			files = (
				DA87B70D270CA6F40012D133 /* SignInViewController.xib in Resources */,
				DAE5C3452758BCBE001C75BE /* TipkleViewController.xib in Resources */,
				DA87B703270CA6F40012D133 /* NotoSansCJKkr-Regular.otf in Resources */,
				DAA30AEE275512E500D665D6 /* GoogleService-Info.plist in Resources */,
				DAE5C3572758BFC5001C75BE /* MyPageViewController.xib in Resources */,
				DA445F77275F98FD00A760D5 /* HomePagerViewController.xib in Resources */,
				DAD4100726FDD791008358B5 /* LaunchScreen.storyboard in Resources */,
				DA87B717270CA6F40012D133 /* TransitionViewController.xib in Resources */,
				DAD4100426FDD791008358B5 /* Assets.xcassets in Resources */,
				DA87B71B270CA6F40012D133 /* ActionViewController.xib in Resources */,
				DA445F7B275F997200A760D5 /* HomePagerChildViewController.xib in Resources */,
				DA87B708270CA6F40012D133 /* LoginViewController.xib in Resources */,
				DAD4100226FDD790008358B5 /* Main.storyboard in Resources */,
				DA87B702270CA6F40012D133 /* NotoSansCJKkr-Medium.otf in Resources */,
				DA87B715270CA6F40012D133 /* TransitionNextViewController.xib in Resources */,
				DAD9A264275930EA00E99682 /* HomeViewController.xib in Resources */,
				DA87B704270CA6F40012D133 /* NotoSansCJKkr-Bold.otf in Resources */,
				DAE5C3532758BFB2001C75BE /* SearchViewController.xib in Resources */,
				DA87B719270CA6F40012D133 /* AlertViewController.xib in Resources */,
			);
			runOnlyForDeploymentPostprocessing = 0;
		};
/* End PBXResourcesBuildPhase section */

/* Begin PBXShellScriptBuildPhase section */
		586906B1FB3B84457C938298 /* [CP] Check Pods Manifest.lock */ = {
			isa = PBXShellScriptBuildPhase;
			buildActionMask = 2147483647;
			files = (
			);
			inputFileListPaths = (
			);
			inputPaths = (
				"${PODS_PODFILE_DIR_PATH}/Podfile.lock",
				"${PODS_ROOT}/Manifest.lock",
			);
			name = "[CP] Check Pods Manifest.lock";
			outputFileListPaths = (
			);
			outputPaths = (
				"$(DERIVED_FILE_DIR)/Pods-Tipkle-checkManifestLockResult.txt",
			);
			runOnlyForDeploymentPostprocessing = 0;
			shellPath = /bin/sh;
			shellScript = "diff \"${PODS_PODFILE_DIR_PATH}/Podfile.lock\" \"${PODS_ROOT}/Manifest.lock\" > /dev/null\nif [ $? != 0 ] ; then\n    # print error to STDERR\n    echo \"error: The sandbox is not in sync with the Podfile.lock. Run 'pod install' or update your CocoaPods installation.\" >&2\n    exit 1\nfi\n# This output is used by Xcode 'outputs' to avoid re-running this script phase.\necho \"SUCCESS\" > \"${SCRIPT_OUTPUT_FILE_0}\"\n";
			showEnvVarsInLog = 0;
		};
		C719DADFC6670E73F51F2FC1 /* [CP] Embed Pods Frameworks */ = {
			isa = PBXShellScriptBuildPhase;
			buildActionMask = 2147483647;
			files = (
			);
			inputFileListPaths = (
				"${PODS_ROOT}/Target Support Files/Pods-Tipkle/Pods-Tipkle-frameworks-${CONFIGURATION}-input-files.xcfilelist",
			);
			name = "[CP] Embed Pods Frameworks";
			outputFileListPaths = (
				"${PODS_ROOT}/Target Support Files/Pods-Tipkle/Pods-Tipkle-frameworks-${CONFIGURATION}-output-files.xcfilelist",
			);
			runOnlyForDeploymentPostprocessing = 0;
			shellPath = /bin/sh;
			shellScript = "\"${PODS_ROOT}/Target Support Files/Pods-Tipkle/Pods-Tipkle-frameworks.sh\"\n";
			showEnvVarsInLog = 0;
		};
/* End PBXShellScriptBuildPhase section */

/* Begin PBXSourcesBuildPhase section */
		DAD40FF326FDD790008358B5 /* Sources */ = {
			isa = PBXSourcesBuildPhase;
			buildActionMask = 2147483647;
			files = (
				DA445F7A275F997200A760D5 /* HomePagerChildViewController.swift in Sources */,
				DA87B716270CA6F40012D133 /* TransitionViewController.swift in Sources */,
				DA87B70C270CA6F40012D133 /* KakaoLoginRequest.swift in Sources */,
				DA97645427025942007A7B7F /* LookAroundTip.swift in Sources */,
				DAE5C3592758DBAE001C75BE /* BaseResponse.swift in Sources */,
				DA445F76275F98FD00A760D5 /* HomePagerViewController.swift in Sources */,
				DA87B718270CA6F40012D133 /* ActionViewController.swift in Sources */,
				DA87B71D270CA82F0012D133 /* JwtToken.swift in Sources */,
				DA87B70B270CA6F40012D133 /* KakaoLoginResponse.swift in Sources */,
				DA87B6FD270CA6F40012D133 /* UIViewController.swift in Sources */,
				DAE5C35C2759289C001C75BE /* HomeDataManager.swift in Sources */,
				DA87B6FA270CA6F40012D133 /* Date.swift in Sources */,
				DAD9A263275930EA00E99682 /* HomeViewController.swift in Sources */,
				DA97644F27023B66007A7B7F /* TipListViewController.swift in Sources */,
				DAAB0E2B2703B0EE007659FD /* SearchPagerViewController.swift in Sources */,
				DAD40FFB26FDD790008358B5 /* AppDelegate.swift in Sources */,
				DAC6D83627593F7A004625FB /* GetUserCeategoryResponse.swift in Sources */,
				DA87B705270CA6F40012D133 /* BaseTabBarController.swift in Sources */,
				DAD40FFD26FDD790008358B5 /* SceneDelegate.swift in Sources */,
				DAE5C3442758BCBE001C75BE /* TipkleViewController.swift in Sources */,
				DAAB0E332703BBDD007659FD /* PopularKeywordViewController.swift in Sources */,
				DA87B6F9270CA6F40012D133 /* Device.swift in Sources */,
				DAE5C3562758BFC5001C75BE /* MyPageViewController.swift in Sources */,
				DA87B6F7270CA6F40012D133 /* Constant.swift in Sources */,
				DAA30AEC2755055400D665D6 /* LoginDataManager.swift in Sources */,
				DA87B700270CA6F40012D133 /* Color.swift in Sources */,
				DA87B6F8270CA6F40012D133 /* IndicatorView.swift in Sources */,
				DA97644D270224BA007A7B7F /* HomeTip.swift in Sources */,
				DA87B6FB270CA6F40012D133 /* String.swift in Sources */,
				DA87B707270CA6F40012D133 /* LoginViewController.swift in Sources */,
				DAE5C3522758BFB2001C75BE /* SearchViewController.swift in Sources */,
				DA87B70E270CA6F40012D133 /* SignInViewController.swift in Sources */,
				DA87B706270CA6F40012D133 /* BaseViewController.swift in Sources */,
				DA87B6FF270CA6F40012D133 /* UIFont.swift in Sources */,
				DAAB0E312703B608007659FD /* PopularKeyword.swift in Sources */,
				DA87B6FC270CA6F40012D133 /* UIButton.swift in Sources */,
				DA87B6FE270CA6F40012D133 /* UINavigationBar.swift in Sources */,
				DA87B714270CA6F40012D133 /* TransitionNextViewController.swift in Sources */,
				DAA30AF727552E6300D665D6 /* fcmToken.swift in Sources */,
				DA87B71A270CA6F40012D133 /* AlertViewController.swift in Sources */,
			);
			runOnlyForDeploymentPostprocessing = 0;
		};
/* End PBXSourcesBuildPhase section */

/* Begin PBXVariantGroup section */
		DAD4100026FDD790008358B5 /* Main.storyboard */ = {
			isa = PBXVariantGroup;
			children = (
				DAD4100126FDD790008358B5 /* Base */,
			);
			name = Main.storyboard;
			sourceTree = "<group>";
		};
		DAD4100526FDD791008358B5 /* LaunchScreen.storyboard */ = {
			isa = PBXVariantGroup;
			children = (
				DAD4100626FDD791008358B5 /* Base */,
			);
			name = LaunchScreen.storyboard;
			sourceTree = "<group>";
		};
/* End PBXVariantGroup section */

/* Begin XCBuildConfiguration section */
		DAD4100926FDD791008358B5 /* Debug */ = {
			isa = XCBuildConfiguration;
			buildSettings = {
				ALWAYS_SEARCH_USER_PATHS = NO;
				CLANG_ANALYZER_NONNULL = YES;
				CLANG_ANALYZER_NUMBER_OBJECT_CONVERSION = YES_AGGRESSIVE;
				CLANG_CXX_LANGUAGE_STANDARD = "gnu++14";
				CLANG_CXX_LIBRARY = "libc++";
				CLANG_ENABLE_MODULES = YES;
				CLANG_ENABLE_OBJC_ARC = YES;
				CLANG_ENABLE_OBJC_WEAK = YES;
				CLANG_WARN_BLOCK_CAPTURE_AUTORELEASING = YES;
				CLANG_WARN_BOOL_CONVERSION = YES;
				CLANG_WARN_COMMA = YES;
				CLANG_WARN_CONSTANT_CONVERSION = YES;
				CLANG_WARN_DEPRECATED_OBJC_IMPLEMENTATIONS = YES;
				CLANG_WARN_DIRECT_OBJC_ISA_USAGE = YES_ERROR;
				CLANG_WARN_DOCUMENTATION_COMMENTS = YES;
				CLANG_WARN_EMPTY_BODY = YES;
				CLANG_WARN_ENUM_CONVERSION = YES;
				CLANG_WARN_INFINITE_RECURSION = YES;
				CLANG_WARN_INT_CONVERSION = YES;
				CLANG_WARN_NON_LITERAL_NULL_CONVERSION = YES;
				CLANG_WARN_OBJC_IMPLICIT_RETAIN_SELF = YES;
				CLANG_WARN_OBJC_LITERAL_CONVERSION = YES;
				CLANG_WARN_OBJC_ROOT_CLASS = YES_ERROR;
				CLANG_WARN_QUOTED_INCLUDE_IN_FRAMEWORK_HEADER = YES;
				CLANG_WARN_RANGE_LOOP_ANALYSIS = YES;
				CLANG_WARN_STRICT_PROTOTYPES = YES;
				CLANG_WARN_SUSPICIOUS_MOVE = YES;
				CLANG_WARN_UNGUARDED_AVAILABILITY = YES_AGGRESSIVE;
				CLANG_WARN_UNREACHABLE_CODE = YES;
				CLANG_WARN__DUPLICATE_METHOD_MATCH = YES;
				COPY_PHASE_STRIP = NO;
				DEBUG_INFORMATION_FORMAT = dwarf;
				ENABLE_STRICT_OBJC_MSGSEND = YES;
				ENABLE_TESTABILITY = YES;
				GCC_C_LANGUAGE_STANDARD = gnu11;
				GCC_DYNAMIC_NO_PIC = NO;
				GCC_NO_COMMON_BLOCKS = YES;
				GCC_OPTIMIZATION_LEVEL = 0;
				GCC_PREPROCESSOR_DEFINITIONS = (
					"DEBUG=1",
					"$(inherited)",
				);
				GCC_WARN_64_TO_32_BIT_CONVERSION = YES;
				GCC_WARN_ABOUT_RETURN_TYPE = YES_ERROR;
				GCC_WARN_UNDECLARED_SELECTOR = YES;
				GCC_WARN_UNINITIALIZED_AUTOS = YES_AGGRESSIVE;
				GCC_WARN_UNUSED_FUNCTION = YES;
				GCC_WARN_UNUSED_VARIABLE = YES;
				IPHONEOS_DEPLOYMENT_TARGET = 14.5;
				MTL_ENABLE_DEBUG_INFO = INCLUDE_SOURCE;
				MTL_FAST_MATH = YES;
				ONLY_ACTIVE_ARCH = YES;
				SDKROOT = iphoneos;
				SWIFT_ACTIVE_COMPILATION_CONDITIONS = DEBUG;
				SWIFT_OPTIMIZATION_LEVEL = "-Onone";
			};
			name = Debug;
		};
		DAD4100A26FDD791008358B5 /* Release */ = {
			isa = XCBuildConfiguration;
			buildSettings = {
				ALWAYS_SEARCH_USER_PATHS = NO;
				CLANG_ANALYZER_NONNULL = YES;
				CLANG_ANALYZER_NUMBER_OBJECT_CONVERSION = YES_AGGRESSIVE;
				CLANG_CXX_LANGUAGE_STANDARD = "gnu++14";
				CLANG_CXX_LIBRARY = "libc++";
				CLANG_ENABLE_MODULES = YES;
				CLANG_ENABLE_OBJC_ARC = YES;
				CLANG_ENABLE_OBJC_WEAK = YES;
				CLANG_WARN_BLOCK_CAPTURE_AUTORELEASING = YES;
				CLANG_WARN_BOOL_CONVERSION = YES;
				CLANG_WARN_COMMA = YES;
				CLANG_WARN_CONSTANT_CONVERSION = YES;
				CLANG_WARN_DEPRECATED_OBJC_IMPLEMENTATIONS = YES;
				CLANG_WARN_DIRECT_OBJC_ISA_USAGE = YES_ERROR;
				CLANG_WARN_DOCUMENTATION_COMMENTS = YES;
				CLANG_WARN_EMPTY_BODY = YES;
				CLANG_WARN_ENUM_CONVERSION = YES;
				CLANG_WARN_INFINITE_RECURSION = YES;
				CLANG_WARN_INT_CONVERSION = YES;
				CLANG_WARN_NON_LITERAL_NULL_CONVERSION = YES;
				CLANG_WARN_OBJC_IMPLICIT_RETAIN_SELF = YES;
				CLANG_WARN_OBJC_LITERAL_CONVERSION = YES;
				CLANG_WARN_OBJC_ROOT_CLASS = YES_ERROR;
				CLANG_WARN_QUOTED_INCLUDE_IN_FRAMEWORK_HEADER = YES;
				CLANG_WARN_RANGE_LOOP_ANALYSIS = YES;
				CLANG_WARN_STRICT_PROTOTYPES = YES;
				CLANG_WARN_SUSPICIOUS_MOVE = YES;
				CLANG_WARN_UNGUARDED_AVAILABILITY = YES_AGGRESSIVE;
				CLANG_WARN_UNREACHABLE_CODE = YES;
				CLANG_WARN__DUPLICATE_METHOD_MATCH = YES;
				COPY_PHASE_STRIP = NO;
				DEBUG_INFORMATION_FORMAT = "dwarf-with-dsym";
				ENABLE_NS_ASSERTIONS = NO;
				ENABLE_STRICT_OBJC_MSGSEND = YES;
				GCC_C_LANGUAGE_STANDARD = gnu11;
				GCC_NO_COMMON_BLOCKS = YES;
				GCC_WARN_64_TO_32_BIT_CONVERSION = YES;
				GCC_WARN_ABOUT_RETURN_TYPE = YES_ERROR;
				GCC_WARN_UNDECLARED_SELECTOR = YES;
				GCC_WARN_UNINITIALIZED_AUTOS = YES_AGGRESSIVE;
				GCC_WARN_UNUSED_FUNCTION = YES;
				GCC_WARN_UNUSED_VARIABLE = YES;
				IPHONEOS_DEPLOYMENT_TARGET = 14.5;
				MTL_ENABLE_DEBUG_INFO = NO;
				MTL_FAST_MATH = YES;
				SDKROOT = iphoneos;
				SWIFT_COMPILATION_MODE = wholemodule;
				SWIFT_OPTIMIZATION_LEVEL = "-O";
				VALIDATE_PRODUCT = YES;
			};
			name = Release;
		};
		DAD4100C26FDD791008358B5 /* Debug */ = {
			isa = XCBuildConfiguration;
			baseConfigurationReference = 23449EE9BB5C631C87FD11C5 /* Pods-Tipkle.debug.xcconfig */;
			buildSettings = {
				ASSETCATALOG_COMPILER_APPICON_NAME = AppIcon;
				ASSETCATALOG_COMPILER_GLOBAL_ACCENT_COLOR_NAME = AccentColor;
				CODE_SIGN_STYLE = Automatic;
				DEVELOPMENT_TEAM = T9N7L92856;
				INFOPLIST_FILE = Tipkle/Info.plist;
				IPHONEOS_DEPLOYMENT_TARGET = 13.0;
				LD_RUNPATH_SEARCH_PATHS = (
					"$(inherited)",
					"@executable_path/Frameworks",
				);
				PRODUCT_BUNDLE_IDENTIFIER = com.yuri.Tipkle;
				PRODUCT_NAME = "$(TARGET_NAME)";
				SWIFT_VERSION = 5.0;
				TARGETED_DEVICE_FAMILY = 1;
			};
			name = Debug;
		};
		DAD4100D26FDD791008358B5 /* Release */ = {
			isa = XCBuildConfiguration;
			baseConfigurationReference = 2347202900326E948E2427DF /* Pods-Tipkle.release.xcconfig */;
			buildSettings = {
				ASSETCATALOG_COMPILER_APPICON_NAME = AppIcon;
				ASSETCATALOG_COMPILER_GLOBAL_ACCENT_COLOR_NAME = AccentColor;
				CODE_SIGN_STYLE = Automatic;
				DEVELOPMENT_TEAM = T9N7L92856;
				INFOPLIST_FILE = Tipkle/Info.plist;
				IPHONEOS_DEPLOYMENT_TARGET = 13.0;
				LD_RUNPATH_SEARCH_PATHS = (
					"$(inherited)",
					"@executable_path/Frameworks",
				);
				PRODUCT_BUNDLE_IDENTIFIER = com.yuri.Tipkle;
				PRODUCT_NAME = "$(TARGET_NAME)";
				SWIFT_VERSION = 5.0;
				TARGETED_DEVICE_FAMILY = 1;
			};
			name = Release;
		};
/* End XCBuildConfiguration section */

/* Begin XCConfigurationList section */
		DAD40FF226FDD790008358B5 /* Build configuration list for PBXProject "Tipkle" */ = {
			isa = XCConfigurationList;
			buildConfigurations = (
				DAD4100926FDD791008358B5 /* Debug */,
				DAD4100A26FDD791008358B5 /* Release */,
			);
			defaultConfigurationIsVisible = 0;
			defaultConfigurationName = Release;
		};
		DAD4100B26FDD791008358B5 /* Build configuration list for PBXNativeTarget "Tipkle" */ = {
			isa = XCConfigurationList;
			buildConfigurations = (
				DAD4100C26FDD791008358B5 /* Debug */,
				DAD4100D26FDD791008358B5 /* Release */,
			);
			defaultConfigurationIsVisible = 0;
			defaultConfigurationName = Release;
		};
/* End XCConfigurationList section */

/* Begin XCRemoteSwiftPackageReference section */
		DA87B71E270CA9380012D133 /* XCRemoteSwiftPackageReference "SnapKit" */ = {
			isa = XCRemoteSwiftPackageReference;
			repositoryURL = "https://github.com/SnapKit/SnapKit.git";
			requirement = {
				kind = upToNextMajorVersion;
				minimumVersion = 5.0.0;
			};
		};
/* End XCRemoteSwiftPackageReference section */

/* Begin XCSwiftPackageProductDependency section */
		DA87B71F270CA9380012D133 /* SnapKit */ = {
			isa = XCSwiftPackageProductDependency;
			package = DA87B71E270CA9380012D133 /* XCRemoteSwiftPackageReference "SnapKit" */;
			productName = SnapKit;
		};
/* End XCSwiftPackageProductDependency section */
	};
	rootObject = DAD40FEF26FDD790008358B5 /* Project object */;
}
