// !$*UTF8*$!
{
	archiveVersion = 1;
	classes = {
	};
	objectVersion = 52;
	objects = {

/* Begin PBXBuildFile section */
		716CE5B5EEBB235A1CF841D4 /* Pods_Tipkle.framework in Frameworks */ = {isa = PBXBuildFile; fileRef = D527FE7BAEE6D698BBDCEC3E /* Pods_Tipkle.framework */; };
		DA0258B527B3F369009FD222 /* GoogleService-Info.plist in Resources */ = {isa = PBXBuildFile; fileRef = DA0258B427B3F369009FD222 /* GoogleService-Info.plist */; };
		DA445F76275F98FD00A760D5 /* HomePagerViewController.swift in Sources */ = {isa = PBXBuildFile; fileRef = DA445F74275F98FD00A760D5 /* HomePagerViewController.swift */; };
		DA445F77275F98FD00A760D5 /* HomePagerViewController.xib in Resources */ = {isa = PBXBuildFile; fileRef = DA445F75275F98FD00A760D5 /* HomePagerViewController.xib */; };
		DA445F7A275F997200A760D5 /* HomePagerChildViewController.swift in Sources */ = {isa = PBXBuildFile; fileRef = DA445F78275F997200A760D5 /* HomePagerChildViewController.swift */; };
		DA445F7B275F997200A760D5 /* HomePagerChildViewController.xib in Resources */ = {isa = PBXBuildFile; fileRef = DA445F79275F997200A760D5 /* HomePagerChildViewController.xib */; };
		DA526B542812902D0020EF9C /* MyPageEditViewController.swift in Sources */ = {isa = PBXBuildFile; fileRef = DA526B522812902D0020EF9C /* MyPageEditViewController.swift */; };
		DA526B552812902D0020EF9C /* MyPageEditViewController.xib in Resources */ = {isa = PBXBuildFile; fileRef = DA526B532812902D0020EF9C /* MyPageEditViewController.xib */; };
		DA6ECA4927B2B53400433D75 /* HomeCategoryBottomSheetViewController.swift in Sources */ = {isa = PBXBuildFile; fileRef = DA6ECA4727B2B53400433D75 /* HomeCategoryBottomSheetViewController.swift */; };
		DA6ECA4A27B2B53400433D75 /* HomeCategoryBottomSheetViewController.xib in Resources */ = {isa = PBXBuildFile; fileRef = DA6ECA4827B2B53400433D75 /* HomeCategoryBottomSheetViewController.xib */; };
		DA6ECA4D27B2BE4200433D75 /* PanModal in Frameworks */ = {isa = PBXBuildFile; productRef = DA6ECA4C27B2BE4200433D75 /* PanModal */; };
		DA73E1BE277B930A00C8230D /* HomeLookAroundImageCollectionViewCell.swift in Sources */ = {isa = PBXBuildFile; fileRef = DA73E1BD277B930A00C8230D /* HomeLookAroundImageCollectionViewCell.swift */; };
		DA75A4F62764DEDC00D7C9F9 /* ImageSlideshow in Frameworks */ = {isa = PBXBuildFile; productRef = DA75A4F52764DEDC00D7C9F9 /* ImageSlideshow */; };
		DA75A4F82764DEDC00D7C9F9 /* ImageSlideshow/Alamofire in Frameworks */ = {isa = PBXBuildFile; productRef = DA75A4F72764DEDC00D7C9F9 /* ImageSlideshow/Alamofire */; };
		DA75A4FA2764DEDC00D7C9F9 /* ImageSlideshow/Kingfisher in Frameworks */ = {isa = PBXBuildFile; productRef = DA75A4F92764DEDC00D7C9F9 /* ImageSlideshow/Kingfisher */; };
		DA75A4FC2764DEDC00D7C9F9 /* ImageSlideshow/SDWebImage in Frameworks */ = {isa = PBXBuildFile; productRef = DA75A4FB2764DEDC00D7C9F9 /* ImageSlideshow/SDWebImage */; };
		DA75A4FE2764E18D00D7C9F9 /* GetBannerResponse.swift in Sources */ = {isa = PBXBuildFile; fileRef = DA75A4FD2764E18D00D7C9F9 /* GetBannerResponse.swift */; };
		DA7F157027C3E32C00196515 /* RatingAlertViewController.swift in Sources */ = {isa = PBXBuildFile; fileRef = DA7F156E27C3E32C00196515 /* RatingAlertViewController.swift */; };
		DA7F157127C3E32C00196515 /* RatingAlertViewController.xib in Resources */ = {isa = PBXBuildFile; fileRef = DA7F156F27C3E32C00196515 /* RatingAlertViewController.xib */; };
		DA7F157327C3E90A00196515 /* PostRatingStarRequest.swift in Sources */ = {isa = PBXBuildFile; fileRef = DA7F157227C3E90A00196515 /* PostRatingStarRequest.swift */; };
		DA85774927746FF20009EFEB /* LookAroundViewController.swift in Sources */ = {isa = PBXBuildFile; fileRef = DA85774727746FF20009EFEB /* LookAroundViewController.swift */; };
		DA85774A27746FF20009EFEB /* LookAroundViewController.xib in Resources */ = {isa = PBXBuildFile; fileRef = DA85774827746FF20009EFEB /* LookAroundViewController.xib */; };
		DA87B6F7270CA6F40012D133 /* Constant.swift in Sources */ = {isa = PBXBuildFile; fileRef = DA87B6C1270CA6F40012D133 /* Constant.swift */; };
		DA87B6F8270CA6F40012D133 /* IndicatorView.swift in Sources */ = {isa = PBXBuildFile; fileRef = DA87B6C3270CA6F40012D133 /* IndicatorView.swift */; };
		DA87B6F9270CA6F40012D133 /* Device.swift in Sources */ = {isa = PBXBuildFile; fileRef = DA87B6C4270CA6F40012D133 /* Device.swift */; };
		DA87B6FA270CA6F40012D133 /* Date.swift in Sources */ = {isa = PBXBuildFile; fileRef = DA87B6C6270CA6F40012D133 /* Date.swift */; };
		DA87B6FB270CA6F40012D133 /* String.swift in Sources */ = {isa = PBXBuildFile; fileRef = DA87B6C7270CA6F40012D133 /* String.swift */; };
		DA87B6FC270CA6F40012D133 /* UIButton.swift in Sources */ = {isa = PBXBuildFile; fileRef = DA87B6C8270CA6F40012D133 /* UIButton.swift */; };
		DA87B6FD270CA6F40012D133 /* UIViewController.swift in Sources */ = {isa = PBXBuildFile; fileRef = DA87B6C9270CA6F40012D133 /* UIViewController.swift */; };
		DA87B6FE270CA6F40012D133 /* UINavigationBar.swift in Sources */ = {isa = PBXBuildFile; fileRef = DA87B6CA270CA6F40012D133 /* UINavigationBar.swift */; };
		DA87B6FF270CA6F40012D133 /* UIFont.swift in Sources */ = {isa = PBXBuildFile; fileRef = DA87B6CB270CA6F40012D133 /* UIFont.swift */; };
		DA87B700270CA6F40012D133 /* UIColor.swift in Sources */ = {isa = PBXBuildFile; fileRef = DA87B6CC270CA6F40012D133 /* UIColor.swift */; };
		DA87B702270CA6F40012D133 /* NotoSansCJKkr-Medium.otf in Resources */ = {isa = PBXBuildFile; fileRef = DA87B6D0270CA6F40012D133 /* NotoSansCJKkr-Medium.otf */; };
		DA87B703270CA6F40012D133 /* NotoSansCJKkr-Regular.otf in Resources */ = {isa = PBXBuildFile; fileRef = DA87B6D1270CA6F40012D133 /* NotoSansCJKkr-Regular.otf */; };
		DA87B704270CA6F40012D133 /* NotoSansCJKkr-Bold.otf in Resources */ = {isa = PBXBuildFile; fileRef = DA87B6D2270CA6F40012D133 /* NotoSansCJKkr-Bold.otf */; };
		DA87B705270CA6F40012D133 /* BaseTabBarController.swift in Sources */ = {isa = PBXBuildFile; fileRef = DA87B6D4270CA6F40012D133 /* BaseTabBarController.swift */; };
		DA87B706270CA6F40012D133 /* BaseViewController.swift in Sources */ = {isa = PBXBuildFile; fileRef = DA87B6D5270CA6F40012D133 /* BaseViewController.swift */; };
		DA87B707270CA6F40012D133 /* LoginViewController.swift in Sources */ = {isa = PBXBuildFile; fileRef = DA87B6D8270CA6F40012D133 /* LoginViewController.swift */; };
		DA87B708270CA6F40012D133 /* LoginViewController.xib in Resources */ = {isa = PBXBuildFile; fileRef = DA87B6D9270CA6F40012D133 /* LoginViewController.xib */; };
		DA87B70B270CA6F40012D133 /* KakaoLoginResponse.swift in Sources */ = {isa = PBXBuildFile; fileRef = DA87B6DF270CA6F40012D133 /* KakaoLoginResponse.swift */; };
		DA87B70C270CA6F40012D133 /* KakaoLoginRequest.swift in Sources */ = {isa = PBXBuildFile; fileRef = DA87B6E0270CA6F40012D133 /* KakaoLoginRequest.swift */; };
		DA87B70D270CA6F40012D133 /* SignInViewController.xib in Resources */ = {isa = PBXBuildFile; fileRef = DA87B6E1270CA6F40012D133 /* SignInViewController.xib */; };
		DA87B70E270CA6F40012D133 /* SignInViewController.swift in Sources */ = {isa = PBXBuildFile; fileRef = DA87B6E2270CA6F40012D133 /* SignInViewController.swift */; };
		DA87B714270CA6F40012D133 /* TransitionNextViewController.swift in Sources */ = {isa = PBXBuildFile; fileRef = DA87B6EE270CA6F40012D133 /* TransitionNextViewController.swift */; };
		DA87B715270CA6F40012D133 /* TransitionNextViewController.xib in Resources */ = {isa = PBXBuildFile; fileRef = DA87B6EF270CA6F40012D133 /* TransitionNextViewController.xib */; };
		DA87B716270CA6F40012D133 /* TransitionViewController.swift in Sources */ = {isa = PBXBuildFile; fileRef = DA87B6F0270CA6F40012D133 /* TransitionViewController.swift */; };
		DA87B717270CA6F40012D133 /* TransitionViewController.xib in Resources */ = {isa = PBXBuildFile; fileRef = DA87B6F1270CA6F40012D133 /* TransitionViewController.xib */; };
		DA87B718270CA6F40012D133 /* ActionViewController.swift in Sources */ = {isa = PBXBuildFile; fileRef = DA87B6F2270CA6F40012D133 /* ActionViewController.swift */; };
		DA87B719270CA6F40012D133 /* AlertViewController.xib in Resources */ = {isa = PBXBuildFile; fileRef = DA87B6F4270CA6F40012D133 /* AlertViewController.xib */; };
		DA87B71A270CA6F40012D133 /* AlertViewController.swift in Sources */ = {isa = PBXBuildFile; fileRef = DA87B6F5270CA6F40012D133 /* AlertViewController.swift */; };
		DA87B71B270CA6F40012D133 /* ActionViewController.xib in Resources */ = {isa = PBXBuildFile; fileRef = DA87B6F6270CA6F40012D133 /* ActionViewController.xib */; };
		DA87B71D270CA82F0012D133 /* JwtToken.swift in Sources */ = {isa = PBXBuildFile; fileRef = DA87B71C270CA82F0012D133 /* JwtToken.swift */; };
		DA87B720270CA9380012D133 /* SnapKit in Frameworks */ = {isa = PBXBuildFile; productRef = DA87B71F270CA9380012D133 /* SnapKit */; };
		DA8CAA5A278687B5004BFA9D /* HomeCollectionViewCell.swift in Sources */ = {isa = PBXBuildFile; fileRef = DA8CAA58278687B5004BFA9D /* HomeCollectionViewCell.swift */; };
		DA8CAA5B278687B5004BFA9D /* HomeCollectionViewCell.xib in Resources */ = {isa = PBXBuildFile; fileRef = DA8CAA59278687B5004BFA9D /* HomeCollectionViewCell.xib */; };
		DA93234027748D8600D5B489 /* HomeLookAroundCollectionViewCell.swift in Sources */ = {isa = PBXBuildFile; fileRef = DA93233E27748D8600D5B489 /* HomeLookAroundCollectionViewCell.swift */; };
		DAA30AEC2755055400D665D6 /* LoginDataManager.swift in Sources */ = {isa = PBXBuildFile; fileRef = DAA30AEB2755055400D665D6 /* LoginDataManager.swift */; };
		DAA30AF727552E6300D665D6 /* fcmToken.swift in Sources */ = {isa = PBXBuildFile; fileRef = DAA30AF627552E6300D665D6 /* fcmToken.swift */; };
		DAA9898327CE5C6A000FE9C3 /* HomeCommentBottomSheet.swift in Sources */ = {isa = PBXBuildFile; fileRef = DAA9898127CE5C6A000FE9C3 /* HomeCommentBottomSheet.swift */; };
		DAA9898427CE5C6A000FE9C3 /* HomeCommentBottomSheet.xib in Resources */ = {isa = PBXBuildFile; fileRef = DAA9898227CE5C6A000FE9C3 /* HomeCommentBottomSheet.xib */; };
		DAA9898727CE6C68000FE9C3 /* CommentTableViewCell.swift in Sources */ = {isa = PBXBuildFile; fileRef = DAA9898527CE6C68000FE9C3 /* CommentTableViewCell.swift */; };
		DAA9898827CE6C68000FE9C3 /* CommentTableViewCell.xib in Resources */ = {isa = PBXBuildFile; fileRef = DAA9898627CE6C68000FE9C3 /* CommentTableViewCell.xib */; };
		DAA9898A27CE6CC5000FE9C3 /* GetCommentResponse.swift in Sources */ = {isa = PBXBuildFile; fileRef = DAA9898927CE6CC5000FE9C3 /* GetCommentResponse.swift */; };
		DABEFC6B276B662A00362CA5 /* GetPreviewTips.swift in Sources */ = {isa = PBXBuildFile; fileRef = DABEFC6A276B662A00362CA5 /* GetPreviewTips.swift */; };
		DAC6D83627593F7A004625FB /* GetUserCeategoryResponse.swift in Sources */ = {isa = PBXBuildFile; fileRef = DAC6D83527593F7A004625FB /* GetUserCeategoryResponse.swift */; };
		DAD40FFB26FDD790008358B5 /* AppDelegate.swift in Sources */ = {isa = PBXBuildFile; fileRef = DAD40FFA26FDD790008358B5 /* AppDelegate.swift */; };
		DAD40FFD26FDD790008358B5 /* SceneDelegate.swift in Sources */ = {isa = PBXBuildFile; fileRef = DAD40FFC26FDD790008358B5 /* SceneDelegate.swift */; };
		DAD4100226FDD790008358B5 /* Main.storyboard in Resources */ = {isa = PBXBuildFile; fileRef = DAD4100026FDD790008358B5 /* Main.storyboard */; };
		DAD4100426FDD791008358B5 /* Assets.xcassets in Resources */ = {isa = PBXBuildFile; fileRef = DAD4100326FDD791008358B5 /* Assets.xcassets */; };
		DAD4100726FDD791008358B5 /* LaunchScreen.storyboard in Resources */ = {isa = PBXBuildFile; fileRef = DAD4100526FDD791008358B5 /* LaunchScreen.storyboard */; };
		DAD681AB2778DC8400B85FD9 /* GetCategoryFeedResponse.swift in Sources */ = {isa = PBXBuildFile; fileRef = DAD681AA2778DC8400B85FD9 /* GetCategoryFeedResponse.swift */; };
		DAD9A263275930EA00E99682 /* HomeViewController.swift in Sources */ = {isa = PBXBuildFile; fileRef = DAD9A261275930EA00E99682 /* HomeViewController.swift */; };
		DAD9A264275930EA00E99682 /* HomeViewController.xib in Resources */ = {isa = PBXBuildFile; fileRef = DAD9A262275930EA00E99682 /* HomeViewController.xib */; };
		DADB239F27BEA38F004BD51A /* AdvancedPageControl in Frameworks */ = {isa = PBXBuildFile; productRef = DADB239E27BEA38F004BD51A /* AdvancedPageControl */; };
		DADB23A127BEA8B4004BD51A /* GetFeedDetailResponse.swift in Sources */ = {isa = PBXBuildFile; fileRef = DADB23A027BEA8B4004BD51A /* GetFeedDetailResponse.swift */; };
		DAE5C3442758BCBE001C75BE /* TipkleViewController.swift in Sources */ = {isa = PBXBuildFile; fileRef = DAE5C3422758BCBE001C75BE /* TipkleViewController.swift */; };
		DAE5C3452758BCBE001C75BE /* TipkleViewController.xib in Resources */ = {isa = PBXBuildFile; fileRef = DAE5C3432758BCBE001C75BE /* TipkleViewController.xib */; };
		DAE5C3522758BFB2001C75BE /* SearchViewController.swift in Sources */ = {isa = PBXBuildFile; fileRef = DAE5C3502758BFB2001C75BE /* SearchViewController.swift */; };
		DAE5C3532758BFB2001C75BE /* SearchViewController.xib in Resources */ = {isa = PBXBuildFile; fileRef = DAE5C3512758BFB2001C75BE /* SearchViewController.xib */; };
		DAE5C3562758BFC5001C75BE /* MyPageViewController.swift in Sources */ = {isa = PBXBuildFile; fileRef = DAE5C3542758BFC5001C75BE /* MyPageViewController.swift */; };
		DAE5C3572758BFC5001C75BE /* MyPageViewController.xib in Resources */ = {isa = PBXBuildFile; fileRef = DAE5C3552758BFC5001C75BE /* MyPageViewController.xib */; };
		DAE5C3592758DBAE001C75BE /* BaseResponse.swift in Sources */ = {isa = PBXBuildFile; fileRef = DAE5C3582758DBAE001C75BE /* BaseResponse.swift */; };
		DAE5C35C2759289C001C75BE /* HomeDataManager.swift in Sources */ = {isa = PBXBuildFile; fileRef = DAE5C35B2759289C001C75BE /* HomeDataManager.swift */; };
		DAE8D9E427BAC70200C63D3C /* HomeLookAroundCollectionViewCell.xib in Resources */ = {isa = PBXBuildFile; fileRef = DAE8D9E327BAC70200C63D3C /* HomeLookAroundCollectionViewCell.xib */; };
		DAE8D9E627BAC7B500C63D3C /* HomeLookAroundImageCollectionViewCell.xib in Resources */ = {isa = PBXBuildFile; fileRef = DAE8D9E527BAC7B500C63D3C /* HomeLookAroundImageCollectionViewCell.xib */; };
		DAE8D9E927BACA5700C63D3C /* HomeFeedDetailViewController.swift in Sources */ = {isa = PBXBuildFile; fileRef = DAE8D9E727BACA5700C63D3C /* HomeFeedDetailViewController.swift */; };
		DAE8D9EA27BACA5700C63D3C /* HomeFeedDetailViewController.xib in Resources */ = {isa = PBXBuildFile; fileRef = DAE8D9E827BACA5700C63D3C /* HomeFeedDetailViewController.xib */; };
		DAF99E1927DBAE8400A85FD7 /* WriteViewController.swift in Sources */ = {isa = PBXBuildFile; fileRef = DAF99E1727DBAE8400A85FD7 /* WriteViewController.swift */; };
		DAF99E1A27DBAE8400A85FD7 /* WriteViewController.xib in Resources */ = {isa = PBXBuildFile; fileRef = DAF99E1827DBAE8400A85FD7 /* WriteViewController.xib */; };
		DAFBB9D928088CAE00422007 /* MyDataManager.swift in Sources */ = {isa = PBXBuildFile; fileRef = DAFBB9D828088CAE00422007 /* MyDataManager.swift */; };
		DAFBB9DC28088D1600422007 /* GetMyPageResponse.swift in Sources */ = {isa = PBXBuildFile; fileRef = DAFBB9DB28088D1600422007 /* GetMyPageResponse.swift */; };
/* End PBXBuildFile section */

/* Begin PBXFileReference section */
		37981BB9E48E5DAEC04DE544 /* Pods-Tipkle.debug.xcconfig */ = {isa = PBXFileReference; includeInIndex = 1; lastKnownFileType = text.xcconfig; name = "Pods-Tipkle.debug.xcconfig"; path = "Target Support Files/Pods-Tipkle/Pods-Tipkle.debug.xcconfig"; sourceTree = "<group>"; };
		3D60D2FFCCED6A84E7917FD3 /* Pods-Tipkle.release.xcconfig */ = {isa = PBXFileReference; includeInIndex = 1; lastKnownFileType = text.xcconfig; name = "Pods-Tipkle.release.xcconfig"; path = "Target Support Files/Pods-Tipkle/Pods-Tipkle.release.xcconfig"; sourceTree = "<group>"; };
		D527FE7BAEE6D698BBDCEC3E /* Pods_Tipkle.framework */ = {isa = PBXFileReference; explicitFileType = wrapper.framework; includeInIndex = 0; path = Pods_Tipkle.framework; sourceTree = BUILT_PRODUCTS_DIR; };
		DA0258B427B3F369009FD222 /* GoogleService-Info.plist */ = {isa = PBXFileReference; fileEncoding = 4; lastKnownFileType = text.plist.xml; name = "GoogleService-Info.plist"; path = "../../../Downloads/GoogleService-Info.plist"; sourceTree = "<group>"; };
		DA445F74275F98FD00A760D5 /* HomePagerViewController.swift */ = {isa = PBXFileReference; lastKnownFileType = sourcecode.swift; path = HomePagerViewController.swift; sourceTree = "<group>"; };
		DA445F75275F98FD00A760D5 /* HomePagerViewController.xib */ = {isa = PBXFileReference; lastKnownFileType = file.xib; path = HomePagerViewController.xib; sourceTree = "<group>"; };
		DA445F78275F997200A760D5 /* HomePagerChildViewController.swift */ = {isa = PBXFileReference; lastKnownFileType = sourcecode.swift; path = HomePagerChildViewController.swift; sourceTree = "<group>"; };
		DA445F79275F997200A760D5 /* HomePagerChildViewController.xib */ = {isa = PBXFileReference; lastKnownFileType = file.xib; path = HomePagerChildViewController.xib; sourceTree = "<group>"; };
		DA526B522812902D0020EF9C /* MyPageEditViewController.swift */ = {isa = PBXFileReference; lastKnownFileType = sourcecode.swift; path = MyPageEditViewController.swift; sourceTree = "<group>"; };
		DA526B532812902D0020EF9C /* MyPageEditViewController.xib */ = {isa = PBXFileReference; lastKnownFileType = file.xib; path = MyPageEditViewController.xib; sourceTree = "<group>"; };
		DA6ECA4727B2B53400433D75 /* HomeCategoryBottomSheetViewController.swift */ = {isa = PBXFileReference; lastKnownFileType = sourcecode.swift; path = HomeCategoryBottomSheetViewController.swift; sourceTree = "<group>"; };
		DA6ECA4827B2B53400433D75 /* HomeCategoryBottomSheetViewController.xib */ = {isa = PBXFileReference; lastKnownFileType = file.xib; path = HomeCategoryBottomSheetViewController.xib; sourceTree = "<group>"; };
		DA73E1BD277B930A00C8230D /* HomeLookAroundImageCollectionViewCell.swift */ = {isa = PBXFileReference; lastKnownFileType = sourcecode.swift; path = HomeLookAroundImageCollectionViewCell.swift; sourceTree = "<group>"; };
		DA75A4FD2764E18D00D7C9F9 /* GetBannerResponse.swift */ = {isa = PBXFileReference; lastKnownFileType = sourcecode.swift; path = GetBannerResponse.swift; sourceTree = "<group>"; };
		DA7F156E27C3E32C00196515 /* RatingAlertViewController.swift */ = {isa = PBXFileReference; lastKnownFileType = sourcecode.swift; path = RatingAlertViewController.swift; sourceTree = "<group>"; };
		DA7F156F27C3E32C00196515 /* RatingAlertViewController.xib */ = {isa = PBXFileReference; lastKnownFileType = file.xib; path = RatingAlertViewController.xib; sourceTree = "<group>"; };
		DA7F157227C3E90A00196515 /* PostRatingStarRequest.swift */ = {isa = PBXFileReference; lastKnownFileType = sourcecode.swift; path = PostRatingStarRequest.swift; sourceTree = "<group>"; };
		DA85774727746FF20009EFEB /* LookAroundViewController.swift */ = {isa = PBXFileReference; lastKnownFileType = sourcecode.swift; path = LookAroundViewController.swift; sourceTree = "<group>"; };
		DA85774827746FF20009EFEB /* LookAroundViewController.xib */ = {isa = PBXFileReference; lastKnownFileType = file.xib; path = LookAroundViewController.xib; sourceTree = "<group>"; };
		DA87B6C1270CA6F40012D133 /* Constant.swift */ = {isa = PBXFileReference; fileEncoding = 4; lastKnownFileType = sourcecode.swift; path = Constant.swift; sourceTree = "<group>"; };
		DA87B6C3270CA6F40012D133 /* IndicatorView.swift */ = {isa = PBXFileReference; fileEncoding = 4; lastKnownFileType = sourcecode.swift; path = IndicatorView.swift; sourceTree = "<group>"; };
		DA87B6C4270CA6F40012D133 /* Device.swift */ = {isa = PBXFileReference; fileEncoding = 4; lastKnownFileType = sourcecode.swift; path = Device.swift; sourceTree = "<group>"; };
		DA87B6C6270CA6F40012D133 /* Date.swift */ = {isa = PBXFileReference; fileEncoding = 4; lastKnownFileType = sourcecode.swift; path = Date.swift; sourceTree = "<group>"; };
		DA87B6C7270CA6F40012D133 /* String.swift */ = {isa = PBXFileReference; fileEncoding = 4; lastKnownFileType = sourcecode.swift; path = String.swift; sourceTree = "<group>"; };
		DA87B6C8270CA6F40012D133 /* UIButton.swift */ = {isa = PBXFileReference; fileEncoding = 4; lastKnownFileType = sourcecode.swift; path = UIButton.swift; sourceTree = "<group>"; };
		DA87B6C9270CA6F40012D133 /* UIViewController.swift */ = {isa = PBXFileReference; fileEncoding = 4; lastKnownFileType = sourcecode.swift; path = UIViewController.swift; sourceTree = "<group>"; };
		DA87B6CA270CA6F40012D133 /* UINavigationBar.swift */ = {isa = PBXFileReference; fileEncoding = 4; lastKnownFileType = sourcecode.swift; path = UINavigationBar.swift; sourceTree = "<group>"; };
		DA87B6CB270CA6F40012D133 /* UIFont.swift */ = {isa = PBXFileReference; fileEncoding = 4; lastKnownFileType = sourcecode.swift; path = UIFont.swift; sourceTree = "<group>"; };
		DA87B6CC270CA6F40012D133 /* UIColor.swift */ = {isa = PBXFileReference; fileEncoding = 4; lastKnownFileType = sourcecode.swift; path = UIColor.swift; sourceTree = "<group>"; };
		DA87B6D0270CA6F40012D133 /* NotoSansCJKkr-Medium.otf */ = {isa = PBXFileReference; lastKnownFileType = file; path = "NotoSansCJKkr-Medium.otf"; sourceTree = "<group>"; };
		DA87B6D1270CA6F40012D133 /* NotoSansCJKkr-Regular.otf */ = {isa = PBXFileReference; lastKnownFileType = file; path = "NotoSansCJKkr-Regular.otf"; sourceTree = "<group>"; };
		DA87B6D2270CA6F40012D133 /* NotoSansCJKkr-Bold.otf */ = {isa = PBXFileReference; lastKnownFileType = file; path = "NotoSansCJKkr-Bold.otf"; sourceTree = "<group>"; };
		DA87B6D4270CA6F40012D133 /* BaseTabBarController.swift */ = {isa = PBXFileReference; fileEncoding = 4; lastKnownFileType = sourcecode.swift; path = BaseTabBarController.swift; sourceTree = "<group>"; };
		DA87B6D5270CA6F40012D133 /* BaseViewController.swift */ = {isa = PBXFileReference; fileEncoding = 4; lastKnownFileType = sourcecode.swift; path = BaseViewController.swift; sourceTree = "<group>"; };
		DA87B6D8270CA6F40012D133 /* LoginViewController.swift */ = {isa = PBXFileReference; fileEncoding = 4; lastKnownFileType = sourcecode.swift; path = LoginViewController.swift; sourceTree = "<group>"; };
		DA87B6D9270CA6F40012D133 /* LoginViewController.xib */ = {isa = PBXFileReference; fileEncoding = 4; lastKnownFileType = file.xib; path = LoginViewController.xib; sourceTree = "<group>"; };
		DA87B6DF270CA6F40012D133 /* KakaoLoginResponse.swift */ = {isa = PBXFileReference; fileEncoding = 4; lastKnownFileType = sourcecode.swift; path = KakaoLoginResponse.swift; sourceTree = "<group>"; };
		DA87B6E0270CA6F40012D133 /* KakaoLoginRequest.swift */ = {isa = PBXFileReference; fileEncoding = 4; lastKnownFileType = sourcecode.swift; path = KakaoLoginRequest.swift; sourceTree = "<group>"; };
		DA87B6E1270CA6F40012D133 /* SignInViewController.xib */ = {isa = PBXFileReference; fileEncoding = 4; lastKnownFileType = file.xib; path = SignInViewController.xib; sourceTree = "<group>"; };
		DA87B6E2270CA6F40012D133 /* SignInViewController.swift */ = {isa = PBXFileReference; fileEncoding = 4; lastKnownFileType = sourcecode.swift; path = SignInViewController.swift; sourceTree = "<group>"; };
		DA87B6EE270CA6F40012D133 /* TransitionNextViewController.swift */ = {isa = PBXFileReference; fileEncoding = 4; lastKnownFileType = sourcecode.swift; path = TransitionNextViewController.swift; sourceTree = "<group>"; };
		DA87B6EF270CA6F40012D133 /* TransitionNextViewController.xib */ = {isa = PBXFileReference; fileEncoding = 4; lastKnownFileType = file.xib; path = TransitionNextViewController.xib; sourceTree = "<group>"; };
		DA87B6F0270CA6F40012D133 /* TransitionViewController.swift */ = {isa = PBXFileReference; fileEncoding = 4; lastKnownFileType = sourcecode.swift; path = TransitionViewController.swift; sourceTree = "<group>"; };
		DA87B6F1270CA6F40012D133 /* TransitionViewController.xib */ = {isa = PBXFileReference; fileEncoding = 4; lastKnownFileType = file.xib; path = TransitionViewController.xib; sourceTree = "<group>"; };
		DA87B6F2270CA6F40012D133 /* ActionViewController.swift */ = {isa = PBXFileReference; fileEncoding = 4; lastKnownFileType = sourcecode.swift; path = ActionViewController.swift; sourceTree = "<group>"; };
		DA87B6F4270CA6F40012D133 /* AlertViewController.xib */ = {isa = PBXFileReference; fileEncoding = 4; lastKnownFileType = file.xib; path = AlertViewController.xib; sourceTree = "<group>"; };
		DA87B6F5270CA6F40012D133 /* AlertViewController.swift */ = {isa = PBXFileReference; fileEncoding = 4; lastKnownFileType = sourcecode.swift; path = AlertViewController.swift; sourceTree = "<group>"; };
		DA87B6F6270CA6F40012D133 /* ActionViewController.xib */ = {isa = PBXFileReference; fileEncoding = 4; lastKnownFileType = file.xib; path = ActionViewController.xib; sourceTree = "<group>"; };
		DA87B71C270CA82F0012D133 /* JwtToken.swift */ = {isa = PBXFileReference; lastKnownFileType = sourcecode.swift; path = JwtToken.swift; sourceTree = "<group>"; };
		DA8CAA58278687B5004BFA9D /* HomeCollectionViewCell.swift */ = {isa = PBXFileReference; lastKnownFileType = sourcecode.swift; path = HomeCollectionViewCell.swift; sourceTree = "<group>"; };
		DA8CAA59278687B5004BFA9D /* HomeCollectionViewCell.xib */ = {isa = PBXFileReference; lastKnownFileType = file.xib; path = HomeCollectionViewCell.xib; sourceTree = "<group>"; };
		DA93233E27748D8600D5B489 /* HomeLookAroundCollectionViewCell.swift */ = {isa = PBXFileReference; lastKnownFileType = sourcecode.swift; path = HomeLookAroundCollectionViewCell.swift; sourceTree = "<group>"; };
		DAA30AEB2755055400D665D6 /* LoginDataManager.swift */ = {isa = PBXFileReference; lastKnownFileType = sourcecode.swift; path = LoginDataManager.swift; sourceTree = "<group>"; };
		DAA30AF627552E6300D665D6 /* fcmToken.swift */ = {isa = PBXFileReference; lastKnownFileType = sourcecode.swift; path = fcmToken.swift; sourceTree = "<group>"; };
		DAA9898127CE5C6A000FE9C3 /* HomeCommentBottomSheet.swift */ = {isa = PBXFileReference; lastKnownFileType = sourcecode.swift; path = HomeCommentBottomSheet.swift; sourceTree = "<group>"; };
		DAA9898227CE5C6A000FE9C3 /* HomeCommentBottomSheet.xib */ = {isa = PBXFileReference; lastKnownFileType = file.xib; path = HomeCommentBottomSheet.xib; sourceTree = "<group>"; };
		DAA9898527CE6C68000FE9C3 /* CommentTableViewCell.swift */ = {isa = PBXFileReference; lastKnownFileType = sourcecode.swift; path = CommentTableViewCell.swift; sourceTree = "<group>"; };
		DAA9898627CE6C68000FE9C3 /* CommentTableViewCell.xib */ = {isa = PBXFileReference; lastKnownFileType = file.xib; path = CommentTableViewCell.xib; sourceTree = "<group>"; };
		DAA9898927CE6CC5000FE9C3 /* GetCommentResponse.swift */ = {isa = PBXFileReference; lastKnownFileType = sourcecode.swift; path = GetCommentResponse.swift; sourceTree = "<group>"; };
		DABEFC6A276B662A00362CA5 /* GetPreviewTips.swift */ = {isa = PBXFileReference; lastKnownFileType = sourcecode.swift; path = GetPreviewTips.swift; sourceTree = "<group>"; };
		DAC6D83527593F7A004625FB /* GetUserCeategoryResponse.swift */ = {isa = PBXFileReference; lastKnownFileType = sourcecode.swift; path = GetUserCeategoryResponse.swift; sourceTree = "<group>"; };
		DAD40FF726FDD790008358B5 /* Tipkle.app */ = {isa = PBXFileReference; explicitFileType = wrapper.application; includeInIndex = 0; path = Tipkle.app; sourceTree = BUILT_PRODUCTS_DIR; };
		DAD40FFA26FDD790008358B5 /* AppDelegate.swift */ = {isa = PBXFileReference; lastKnownFileType = sourcecode.swift; path = AppDelegate.swift; sourceTree = "<group>"; };
		DAD40FFC26FDD790008358B5 /* SceneDelegate.swift */ = {isa = PBXFileReference; lastKnownFileType = sourcecode.swift; path = SceneDelegate.swift; sourceTree = "<group>"; };
		DAD4100126FDD790008358B5 /* Base */ = {isa = PBXFileReference; lastKnownFileType = file.storyboard; name = Base; path = Base.lproj/Main.storyboard; sourceTree = "<group>"; };
		DAD4100326FDD791008358B5 /* Assets.xcassets */ = {isa = PBXFileReference; lastKnownFileType = folder.assetcatalog; path = Assets.xcassets; sourceTree = "<group>"; };
		DAD4100626FDD791008358B5 /* Base */ = {isa = PBXFileReference; lastKnownFileType = file.storyboard; name = Base; path = Base.lproj/LaunchScreen.storyboard; sourceTree = "<group>"; };
		DAD4100826FDD791008358B5 /* Info.plist */ = {isa = PBXFileReference; lastKnownFileType = text.plist.xml; path = Info.plist; sourceTree = "<group>"; };
		DAD681AA2778DC8400B85FD9 /* GetCategoryFeedResponse.swift */ = {isa = PBXFileReference; lastKnownFileType = sourcecode.swift; path = GetCategoryFeedResponse.swift; sourceTree = "<group>"; };
		DAD9A261275930EA00E99682 /* HomeViewController.swift */ = {isa = PBXFileReference; lastKnownFileType = sourcecode.swift; path = HomeViewController.swift; sourceTree = "<group>"; };
		DAD9A262275930EA00E99682 /* HomeViewController.xib */ = {isa = PBXFileReference; lastKnownFileType = file.xib; path = HomeViewController.xib; sourceTree = "<group>"; };
		DADB23A027BEA8B4004BD51A /* GetFeedDetailResponse.swift */ = {isa = PBXFileReference; lastKnownFileType = sourcecode.swift; path = GetFeedDetailResponse.swift; sourceTree = "<group>"; };
		DAE5C3422758BCBE001C75BE /* TipkleViewController.swift */ = {isa = PBXFileReference; lastKnownFileType = sourcecode.swift; path = TipkleViewController.swift; sourceTree = "<group>"; };
		DAE5C3432758BCBE001C75BE /* TipkleViewController.xib */ = {isa = PBXFileReference; lastKnownFileType = file.xib; path = TipkleViewController.xib; sourceTree = "<group>"; };
		DAE5C3502758BFB2001C75BE /* SearchViewController.swift */ = {isa = PBXFileReference; lastKnownFileType = sourcecode.swift; path = SearchViewController.swift; sourceTree = "<group>"; };
		DAE5C3512758BFB2001C75BE /* SearchViewController.xib */ = {isa = PBXFileReference; lastKnownFileType = file.xib; path = SearchViewController.xib; sourceTree = "<group>"; };
		DAE5C3542758BFC5001C75BE /* MyPageViewController.swift */ = {isa = PBXFileReference; lastKnownFileType = sourcecode.swift; path = MyPageViewController.swift; sourceTree = "<group>"; };
		DAE5C3552758BFC5001C75BE /* MyPageViewController.xib */ = {isa = PBXFileReference; lastKnownFileType = file.xib; path = MyPageViewController.xib; sourceTree = "<group>"; };
		DAE5C3582758DBAE001C75BE /* BaseResponse.swift */ = {isa = PBXFileReference; lastKnownFileType = sourcecode.swift; path = BaseResponse.swift; sourceTree = "<group>"; };
		DAE5C35B2759289C001C75BE /* HomeDataManager.swift */ = {isa = PBXFileReference; lastKnownFileType = sourcecode.swift; path = HomeDataManager.swift; sourceTree = "<group>"; };
		DAE8D9E327BAC70200C63D3C /* HomeLookAroundCollectionViewCell.xib */ = {isa = PBXFileReference; lastKnownFileType = file.xib; path = HomeLookAroundCollectionViewCell.xib; sourceTree = "<group>"; };
		DAE8D9E527BAC7B500C63D3C /* HomeLookAroundImageCollectionViewCell.xib */ = {isa = PBXFileReference; lastKnownFileType = file.xib; path = HomeLookAroundImageCollectionViewCell.xib; sourceTree = "<group>"; };
		DAE8D9E727BACA5700C63D3C /* HomeFeedDetailViewController.swift */ = {isa = PBXFileReference; lastKnownFileType = sourcecode.swift; path = HomeFeedDetailViewController.swift; sourceTree = "<group>"; };
		DAE8D9E827BACA5700C63D3C /* HomeFeedDetailViewController.xib */ = {isa = PBXFileReference; lastKnownFileType = file.xib; path = HomeFeedDetailViewController.xib; sourceTree = "<group>"; };
		DAF99E1727DBAE8400A85FD7 /* WriteViewController.swift */ = {isa = PBXFileReference; lastKnownFileType = sourcecode.swift; path = WriteViewController.swift; sourceTree = "<group>"; };
		DAF99E1827DBAE8400A85FD7 /* WriteViewController.xib */ = {isa = PBXFileReference; lastKnownFileType = file.xib; path = WriteViewController.xib; sourceTree = "<group>"; };
		DAFBB9D828088CAE00422007 /* MyDataManager.swift */ = {isa = PBXFileReference; lastKnownFileType = sourcecode.swift; path = MyDataManager.swift; sourceTree = "<group>"; };
		DAFBB9DB28088D1600422007 /* GetMyPageResponse.swift */ = {isa = PBXFileReference; lastKnownFileType = sourcecode.swift; path = GetMyPageResponse.swift; sourceTree = "<group>"; };
/* End PBXFileReference section */

/* Begin PBXFrameworksBuildPhase section */
		DAD40FF426FDD790008358B5 /* Frameworks */ = {
			isa = PBXFrameworksBuildPhase;
			buildActionMask = 2147483647;
			files = (
				DA75A4F82764DEDC00D7C9F9 /* ImageSlideshow/Alamofire in Frameworks */,
				DA75A4F62764DEDC00D7C9F9 /* ImageSlideshow in Frameworks */,
				DA75A4FC2764DEDC00D7C9F9 /* ImageSlideshow/SDWebImage in Frameworks */,
				DA75A4FA2764DEDC00D7C9F9 /* ImageSlideshow/Kingfisher in Frameworks */,
				DA87B720270CA9380012D133 /* SnapKit in Frameworks */,
				DA6ECA4D27B2BE4200433D75 /* PanModal in Frameworks */,
				DADB239F27BEA38F004BD51A /* AdvancedPageControl in Frameworks */,
				716CE5B5EEBB235A1CF841D4 /* Pods_Tipkle.framework in Frameworks */,
			);
			runOnlyForDeploymentPostprocessing = 0;
		};
/* End PBXFrameworksBuildPhase section */

/* Begin PBXGroup section */
		0CFEB62541D2ADCC4F7B25F6 /* Pods */ = {
			isa = PBXGroup;
			children = (
				37981BB9E48E5DAEC04DE544 /* Pods-Tipkle.debug.xcconfig */,
				3D60D2FFCCED6A84E7917FD3 /* Pods-Tipkle.release.xcconfig */,
			);
			path = Pods;
			sourceTree = "<group>";
		};
		1950F1A017DA469BF14CF292 /* Frameworks */ = {
			isa = PBXGroup;
			children = (
				D527FE7BAEE6D698BBDCEC3E /* Pods_Tipkle.framework */,
			);
			name = Frameworks;
			sourceTree = "<group>";
		};
		DA17B82127576DF40053C5D3 /* Entity */ = {
			isa = PBXGroup;
			children = (
				DA87B6DF270CA6F40012D133 /* KakaoLoginResponse.swift */,
				DA87B6E0270CA6F40012D133 /* KakaoLoginRequest.swift */,
			);
			path = Entity;
			sourceTree = "<group>";
		};
		DA17B82227579B880053C5D3 /* Home */ = {
			isa = PBXGroup;
			children = (
				DA3896692767BC30006B146F /* Cell */,
				DAE5C35A2759288A001C75BE /* Entity */,
				DAE5C35B2759289C001C75BE /* HomeDataManager.swift */,
				DAD9A261275930EA00E99682 /* HomeViewController.swift */,
				DAD9A262275930EA00E99682 /* HomeViewController.xib */,
				DA445F74275F98FD00A760D5 /* HomePagerViewController.swift */,
				DA445F75275F98FD00A760D5 /* HomePagerViewController.xib */,
				DA445F78275F997200A760D5 /* HomePagerChildViewController.swift */,
				DA445F79275F997200A760D5 /* HomePagerChildViewController.xib */,
				DA85774727746FF20009EFEB /* LookAroundViewController.swift */,
				DA85774827746FF20009EFEB /* LookAroundViewController.xib */,
				DA6ECA4727B2B53400433D75 /* HomeCategoryBottomSheetViewController.swift */,
				DA6ECA4827B2B53400433D75 /* HomeCategoryBottomSheetViewController.xib */,
				DAE8D9E727BACA5700C63D3C /* HomeFeedDetailViewController.swift */,
				DAE8D9E827BACA5700C63D3C /* HomeFeedDetailViewController.xib */,
				DA7F156E27C3E32C00196515 /* RatingAlertViewController.swift */,
				DA7F156F27C3E32C00196515 /* RatingAlertViewController.xib */,
				DAA9898127CE5C6A000FE9C3 /* HomeCommentBottomSheet.swift */,
				DAA9898227CE5C6A000FE9C3 /* HomeCommentBottomSheet.xib */,
				DAF99E1727DBAE8400A85FD7 /* WriteViewController.swift */,
				DAF99E1827DBAE8400A85FD7 /* WriteViewController.xib */,
			);
			path = Home;
			sourceTree = "<group>";
		};
		DA17B82327579B940053C5D3 /* Tipkle */ = {
			isa = PBXGroup;
			children = (
				DAE5C3422758BCBE001C75BE /* TipkleViewController.swift */,
				DAE5C3432758BCBE001C75BE /* TipkleViewController.xib */,
			);
			path = Tipkle;
			sourceTree = "<group>";
		};
		DA17B82427579B9A0053C5D3 /* Search */ = {
			isa = PBXGroup;
			children = (
				DAE5C3502758BFB2001C75BE /* SearchViewController.swift */,
				DAE5C3512758BFB2001C75BE /* SearchViewController.xib */,
			);
			path = Search;
			sourceTree = "<group>";
		};
		DA17B82527579B9E0053C5D3 /* MyPage */ = {
			isa = PBXGroup;
			children = (
				DAFBB9DA28088CEF00422007 /* Entity */,
				DAE5C3542758BFC5001C75BE /* MyPageViewController.swift */,
				DAE5C3552758BFC5001C75BE /* MyPageViewController.xib */,
				DAFBB9D828088CAE00422007 /* MyDataManager.swift */,
				DA526B522812902D0020EF9C /* MyPageEditViewController.swift */,
				DA526B532812902D0020EF9C /* MyPageEditViewController.xib */,
			);
			path = MyPage;
			sourceTree = "<group>";
		};
		DA3896692767BC30006B146F /* Cell */ = {
			isa = PBXGroup;
			children = (
				DAA9898527CE6C68000FE9C3 /* CommentTableViewCell.swift */,
				DAA9898627CE6C68000FE9C3 /* CommentTableViewCell.xib */,
				DA8CAA58278687B5004BFA9D /* HomeCollectionViewCell.swift */,
				DA8CAA59278687B5004BFA9D /* HomeCollectionViewCell.xib */,
				DA93233E27748D8600D5B489 /* HomeLookAroundCollectionViewCell.swift */,
				DAE8D9E327BAC70200C63D3C /* HomeLookAroundCollectionViewCell.xib */,
				DA73E1BD277B930A00C8230D /* HomeLookAroundImageCollectionViewCell.swift */,
				DAE8D9E527BAC7B500C63D3C /* HomeLookAroundImageCollectionViewCell.xib */,
			);
			path = Cell;
			sourceTree = "<group>";
		};
		DA87B6C0270CA6F40012D133 /* Configuration */ = {
			isa = PBXGroup;
			children = (
				DA87B6C1270CA6F40012D133 /* Constant.swift */,
				DA87B6C2270CA6F40012D133 /* CommonClass */,
				DA87B6CD270CA6F40012D133 /* Secret */,
				DA87B6CF270CA6F40012D133 /* Font */,
				DA87B6C5270CA6F40012D133 /* Extension */,
				DA87B6D3270CA6F40012D133 /* Base */,
			);
			path = Configuration;
			sourceTree = "<group>";
		};
		DA87B6C2270CA6F40012D133 /* CommonClass */ = {
			isa = PBXGroup;
			children = (
				DA87B6C3270CA6F40012D133 /* IndicatorView.swift */,
				DA87B6C4270CA6F40012D133 /* Device.swift */,
				DAE5C3582758DBAE001C75BE /* BaseResponse.swift */,
			);
			path = CommonClass;
			sourceTree = "<group>";
		};
		DA87B6C5270CA6F40012D133 /* Extension */ = {
			isa = PBXGroup;
			children = (
				DA87B6C6270CA6F40012D133 /* Date.swift */,
				DA87B6C7270CA6F40012D133 /* String.swift */,
				DA87B6C8270CA6F40012D133 /* UIButton.swift */,
				DA87B6C9270CA6F40012D133 /* UIViewController.swift */,
				DA87B6CA270CA6F40012D133 /* UINavigationBar.swift */,
				DA87B6CB270CA6F40012D133 /* UIFont.swift */,
				DA87B6CC270CA6F40012D133 /* UIColor.swift */,
			);
			path = Extension;
			sourceTree = "<group>";
		};
		DA87B6CD270CA6F40012D133 /* Secret */ = {
			isa = PBXGroup;
			children = (
				DA87B71C270CA82F0012D133 /* JwtToken.swift */,
				DAA30AF627552E6300D665D6 /* fcmToken.swift */,
			);
			path = Secret;
			sourceTree = "<group>";
		};
		DA87B6CF270CA6F40012D133 /* Font */ = {
			isa = PBXGroup;
			children = (
				DA87B6D0270CA6F40012D133 /* NotoSansCJKkr-Medium.otf */,
				DA87B6D1270CA6F40012D133 /* NotoSansCJKkr-Regular.otf */,
				DA87B6D2270CA6F40012D133 /* NotoSansCJKkr-Bold.otf */,
			);
			path = Font;
			sourceTree = "<group>";
		};
		DA87B6D3270CA6F40012D133 /* Base */ = {
			isa = PBXGroup;
			children = (
				DA87B6D4270CA6F40012D133 /* BaseTabBarController.swift */,
				DA87B6D5270CA6F40012D133 /* BaseViewController.swift */,
			);
			path = Base;
			sourceTree = "<group>";
		};
		DA87B6D6270CA6F40012D133 /* Sources */ = {
			isa = PBXGroup;
			children = (
				DA17B82527579B9E0053C5D3 /* MyPage */,
				DA17B82427579B9A0053C5D3 /* Search */,
				DA17B82327579B940053C5D3 /* Tipkle */,
				DA17B82227579B880053C5D3 /* Home */,
				DA87B6D7270CA6F40012D133 /* Login */,
				DA87B6DA270CA6F40012D133 /* Network */,
				DA87B6EB270CA6F40012D133 /* Action */,
			);
			path = Sources;
			sourceTree = "<group>";
		};
		DA87B6D7270CA6F40012D133 /* Login */ = {
			isa = PBXGroup;
			children = (
				DA17B82127576DF40053C5D3 /* Entity */,
				DAA30AEB2755055400D665D6 /* LoginDataManager.swift */,
				DA87B6D8270CA6F40012D133 /* LoginViewController.swift */,
				DA87B6D9270CA6F40012D133 /* LoginViewController.xib */,
			);
			path = Login;
			sourceTree = "<group>";
		};
		DA87B6DA270CA6F40012D133 /* Network */ = {
			isa = PBXGroup;
			children = (
				DA87B6DC270CA6F40012D133 /* SignIn */,
			);
			path = Network;
			sourceTree = "<group>";
		};
		DA87B6DC270CA6F40012D133 /* SignIn */ = {
			isa = PBXGroup;
			children = (
				DA87B6E1270CA6F40012D133 /* SignInViewController.xib */,
				DA87B6E2270CA6F40012D133 /* SignInViewController.swift */,
			);
			path = SignIn;
			sourceTree = "<group>";
		};
		DA87B6EB270CA6F40012D133 /* Action */ = {
			isa = PBXGroup;
			children = (
				DA87B6EC270CA6F40012D133 /* Transition */,
				DA87B6F2270CA6F40012D133 /* ActionViewController.swift */,
				DA87B6F3270CA6F40012D133 /* Alert */,
				DA87B6F6270CA6F40012D133 /* ActionViewController.xib */,
			);
			path = Action;
			sourceTree = "<group>";
		};
		DA87B6EC270CA6F40012D133 /* Transition */ = {
			isa = PBXGroup;
			children = (
				DA87B6ED270CA6F40012D133 /* Next */,
				DA87B6F0270CA6F40012D133 /* TransitionViewController.swift */,
				DA87B6F1270CA6F40012D133 /* TransitionViewController.xib */,
			);
			path = Transition;
			sourceTree = "<group>";
		};
		DA87B6ED270CA6F40012D133 /* Next */ = {
			isa = PBXGroup;
			children = (
				DA87B6EE270CA6F40012D133 /* TransitionNextViewController.swift */,
				DA87B6EF270CA6F40012D133 /* TransitionNextViewController.xib */,
			);
			path = Next;
			sourceTree = "<group>";
		};
		DA87B6F3270CA6F40012D133 /* Alert */ = {
			isa = PBXGroup;
			children = (
				DA87B6F4270CA6F40012D133 /* AlertViewController.xib */,
				DA87B6F5270CA6F40012D133 /* AlertViewController.swift */,
			);
			path = Alert;
			sourceTree = "<group>";
		};
		DAD40FEE26FDD790008358B5 = {
			isa = PBXGroup;
			children = (
				DAD40FF926FDD790008358B5 /* Tipkle */,
				DAD40FF826FDD790008358B5 /* Products */,
				0CFEB62541D2ADCC4F7B25F6 /* Pods */,
				1950F1A017DA469BF14CF292 /* Frameworks */,
			);
			sourceTree = "<group>";
		};
		DAD40FF826FDD790008358B5 /* Products */ = {
			isa = PBXGroup;
			children = (
				DAD40FF726FDD790008358B5 /* Tipkle.app */,
			);
			name = Products;
			sourceTree = "<group>";
		};
		DAD40FF926FDD790008358B5 /* Tipkle */ = {
			isa = PBXGroup;
			children = (
				DAD4100826FDD791008358B5 /* Info.plist */,
				DA0258B427B3F369009FD222 /* GoogleService-Info.plist */,
				DAD4100326FDD791008358B5 /* Assets.xcassets */,
				DAD40FFA26FDD790008358B5 /* AppDelegate.swift */,
				DAD40FFC26FDD790008358B5 /* SceneDelegate.swift */,
				DA87B6C0270CA6F40012D133 /* Configuration */,
				DA87B6D6270CA6F40012D133 /* Sources */,
				DAD4100F26FDD96E008358B5 /* View */,
			);
			path = Tipkle;
			sourceTree = "<group>";
		};
		DAD4100F26FDD96E008358B5 /* View */ = {
			isa = PBXGroup;
			children = (
				DAD4100526FDD791008358B5 /* LaunchScreen.storyboard */,
				DAD4100026FDD790008358B5 /* Main.storyboard */,
			);
			path = View;
			sourceTree = "<group>";
		};
		DAE5C35A2759288A001C75BE /* Entity */ = {
			isa = PBXGroup;
			children = (
				DA75A4FD2764E18D00D7C9F9 /* GetBannerResponse.swift */,
				DAC6D83527593F7A004625FB /* GetUserCeategoryResponse.swift */,
				DABEFC6A276B662A00362CA5 /* GetPreviewTips.swift */,
				DAD681AA2778DC8400B85FD9 /* GetCategoryFeedResponse.swift */,
				DADB23A027BEA8B4004BD51A /* GetFeedDetailResponse.swift */,
				DA7F157227C3E90A00196515 /* PostRatingStarRequest.swift */,
				DAA9898927CE6CC5000FE9C3 /* GetCommentResponse.swift */,
			);
			path = Entity;
			sourceTree = "<group>";
		};
		DAFBB9DA28088CEF00422007 /* Entity */ = {
			isa = PBXGroup;
			children = (
				DAFBB9DB28088D1600422007 /* GetMyPageResponse.swift */,
			);
			path = Entity;
			sourceTree = "<group>";
		};
/* End PBXGroup section */

/* Begin PBXNativeTarget section */
		DAD40FF626FDD790008358B5 /* Tipkle */ = {
			isa = PBXNativeTarget;
			buildConfigurationList = DAD4100B26FDD791008358B5 /* Build configuration list for PBXNativeTarget "Tipkle" */;
			buildPhases = (
				FAF0FE1F2F1FF6F7AA73AB2D /* [CP] Check Pods Manifest.lock */,
				DAD40FF326FDD790008358B5 /* Sources */,
				DAD40FF426FDD790008358B5 /* Frameworks */,
				DAD40FF526FDD790008358B5 /* Resources */,
				79C1FF9545EEA4B99BEAD4F1 /* [CP] Embed Pods Frameworks */,
			);
			buildRules = (
			);
			dependencies = (
			);
			name = Tipkle;
			packageProductDependencies = (
				DA87B71F270CA9380012D133 /* SnapKit */,
				DA75A4F52764DEDC00D7C9F9 /* ImageSlideshow */,
				DA75A4F72764DEDC00D7C9F9 /* ImageSlideshow/Alamofire */,
				DA75A4F92764DEDC00D7C9F9 /* ImageSlideshow/Kingfisher */,
				DA75A4FB2764DEDC00D7C9F9 /* ImageSlideshow/SDWebImage */,
				DA6ECA4C27B2BE4200433D75 /* PanModal */,
				DADB239E27BEA38F004BD51A /* AdvancedPageControl */,
			);
			productName = Tipkle;
			productReference = DAD40FF726FDD790008358B5 /* Tipkle.app */;
			productType = "com.apple.product-type.application";
		};
/* End PBXNativeTarget section */

/* Begin PBXProject section */
		DAD40FEF26FDD790008358B5 /* Project object */ = {
			isa = PBXProject;
			attributes = {
				LastSwiftUpdateCheck = 1250;
				LastUpgradeCheck = 1250;
				TargetAttributes = {
					DAD40FF626FDD790008358B5 = {
						CreatedOnToolsVersion = 12.5;
					};
				};
			};
			buildConfigurationList = DAD40FF226FDD790008358B5 /* Build configuration list for PBXProject "Tipkle" */;
			compatibilityVersion = "Xcode 9.3";
			developmentRegion = en;
			hasScannedForEncodings = 0;
			knownRegions = (
				en,
				Base,
			);
			mainGroup = DAD40FEE26FDD790008358B5;
			packageReferences = (
				DA87B71E270CA9380012D133 /* XCRemoteSwiftPackageReference "SnapKit" */,
				DA75A4F42764DEDC00D7C9F9 /* XCRemoteSwiftPackageReference "ImageSlideshow" */,
				DA6ECA4B27B2BE4200433D75 /* XCRemoteSwiftPackageReference "PanModal" */,
				DADB239D27BEA38F004BD51A /* XCRemoteSwiftPackageReference "AdvancedPageControl" */,
			);
			productRefGroup = DAD40FF826FDD790008358B5 /* Products */;
			projectDirPath = "";
			projectRoot = "";
			targets = (
				DAD40FF626FDD790008358B5 /* Tipkle */,
			);
		};
/* End PBXProject section */

/* Begin PBXResourcesBuildPhase section */
		DAD40FF526FDD790008358B5 /* Resources */ = {
			isa = PBXResourcesBuildPhase;
			buildActionMask = 2147483647;
			files = (
				DA87B70D270CA6F40012D133 /* SignInViewController.xib in Resources */,
				DAE5C3452758BCBE001C75BE /* TipkleViewController.xib in Resources */,
				DAE8D9EA27BACA5700C63D3C /* HomeFeedDetailViewController.xib in Resources */,
				DA87B703270CA6F40012D133 /* NotoSansCJKkr-Regular.otf in Resources */,
				DAE8D9E627BAC7B500C63D3C /* HomeLookAroundImageCollectionViewCell.xib in Resources */,
				DAE5C3572758BFC5001C75BE /* MyPageViewController.xib in Resources */,
				DA445F77275F98FD00A760D5 /* HomePagerViewController.xib in Resources */,
				DAD4100726FDD791008358B5 /* LaunchScreen.storyboard in Resources */,
				DA85774A27746FF20009EFEB /* LookAroundViewController.xib in Resources */,
				DA87B717270CA6F40012D133 /* TransitionViewController.xib in Resources */,
				DA7F157127C3E32C00196515 /* RatingAlertViewController.xib in Resources */,
				DAA9898827CE6C68000FE9C3 /* CommentTableViewCell.xib in Resources */,
				DAF99E1A27DBAE8400A85FD7 /* WriteViewController.xib in Resources */,
				DAD4100426FDD791008358B5 /* Assets.xcassets in Resources */,
				DA87B71B270CA6F40012D133 /* ActionViewController.xib in Resources */,
				DA445F7B275F997200A760D5 /* HomePagerChildViewController.xib in Resources */,
				DA87B708270CA6F40012D133 /* LoginViewController.xib in Resources */,
				DAD4100226FDD790008358B5 /* Main.storyboard in Resources */,
				DA87B702270CA6F40012D133 /* NotoSansCJKkr-Medium.otf in Resources */,
				DA526B552812902D0020EF9C /* MyPageEditViewController.xib in Resources */,
				DA87B715270CA6F40012D133 /* TransitionNextViewController.xib in Resources */,
				DAA9898427CE5C6A000FE9C3 /* HomeCommentBottomSheet.xib in Resources */,
				DA0258B527B3F369009FD222 /* GoogleService-Info.plist in Resources */,
				DA8CAA5B278687B5004BFA9D /* HomeCollectionViewCell.xib in Resources */,
				DAD9A264275930EA00E99682 /* HomeViewController.xib in Resources */,
				DA87B704270CA6F40012D133 /* NotoSansCJKkr-Bold.otf in Resources */,
				DAE5C3532758BFB2001C75BE /* SearchViewController.xib in Resources */,
				DAE8D9E427BAC70200C63D3C /* HomeLookAroundCollectionViewCell.xib in Resources */,
				DA6ECA4A27B2B53400433D75 /* HomeCategoryBottomSheetViewController.xib in Resources */,
				DA87B719270CA6F40012D133 /* AlertViewController.xib in Resources */,
			);
			runOnlyForDeploymentPostprocessing = 0;
		};
/* End PBXResourcesBuildPhase section */

/* Begin PBXShellScriptBuildPhase section */
		79C1FF9545EEA4B99BEAD4F1 /* [CP] Embed Pods Frameworks */ = {
			isa = PBXShellScriptBuildPhase;
			buildActionMask = 2147483647;
			files = (
			);
			inputFileListPaths = (
				"${PODS_ROOT}/Target Support Files/Pods-Tipkle/Pods-Tipkle-frameworks-${CONFIGURATION}-input-files.xcfilelist",
			);
			name = "[CP] Embed Pods Frameworks";
			outputFileListPaths = (
				"${PODS_ROOT}/Target Support Files/Pods-Tipkle/Pods-Tipkle-frameworks-${CONFIGURATION}-output-files.xcfilelist",
			);
			runOnlyForDeploymentPostprocessing = 0;
			shellPath = /bin/sh;
			shellScript = "\"${PODS_ROOT}/Target Support Files/Pods-Tipkle/Pods-Tipkle-frameworks.sh\"\n";
			showEnvVarsInLog = 0;
		};
		FAF0FE1F2F1FF6F7AA73AB2D /* [CP] Check Pods Manifest.lock */ = {
			isa = PBXShellScriptBuildPhase;
			buildActionMask = 2147483647;
			files = (
			);
			inputFileListPaths = (
			);
			inputPaths = (
				"${PODS_PODFILE_DIR_PATH}/Podfile.lock",
				"${PODS_ROOT}/Manifest.lock",
			);
			name = "[CP] Check Pods Manifest.lock";
			outputFileListPaths = (
			);
			outputPaths = (
				"$(DERIVED_FILE_DIR)/Pods-Tipkle-checkManifestLockResult.txt",
			);
			runOnlyForDeploymentPostprocessing = 0;
			shellPath = /bin/sh;
			shellScript = "diff \"${PODS_PODFILE_DIR_PATH}/Podfile.lock\" \"${PODS_ROOT}/Manifest.lock\" > /dev/null\nif [ $? != 0 ] ; then\n    # print error to STDERR\n    echo \"error: The sandbox is not in sync with the Podfile.lock. Run 'pod install' or update your CocoaPods installation.\" >&2\n    exit 1\nfi\n# This output is used by Xcode 'outputs' to avoid re-running this script phase.\necho \"SUCCESS\" > \"${SCRIPT_OUTPUT_FILE_0}\"\n";
			showEnvVarsInLog = 0;
		};
/* End PBXShellScriptBuildPhase section */

/* Begin PBXSourcesBuildPhase section */
		DAD40FF326FDD790008358B5 /* Sources */ = {
			isa = PBXSourcesBuildPhase;
			buildActionMask = 2147483647;
			files = (
				DA445F7A275F997200A760D5 /* HomePagerChildViewController.swift in Sources */,
				DA87B716270CA6F40012D133 /* TransitionViewController.swift in Sources */,
				DA85774927746FF20009EFEB /* LookAroundViewController.swift in Sources */,
				DA87B70C270CA6F40012D133 /* KakaoLoginRequest.swift in Sources */,
				DAE5C3592758DBAE001C75BE /* BaseResponse.swift in Sources */,
				DA526B542812902D0020EF9C /* MyPageEditViewController.swift in Sources */,
				DA445F76275F98FD00A760D5 /* HomePagerViewController.swift in Sources */,
				DA87B718270CA6F40012D133 /* ActionViewController.swift in Sources */,
				DA73E1BE277B930A00C8230D /* HomeLookAroundImageCollectionViewCell.swift in Sources */,
				DA75A4FE2764E18D00D7C9F9 /* GetBannerResponse.swift in Sources */,
				DA87B71D270CA82F0012D133 /* JwtToken.swift in Sources */,
				DA87B70B270CA6F40012D133 /* KakaoLoginResponse.swift in Sources */,
				DAA9898327CE5C6A000FE9C3 /* HomeCommentBottomSheet.swift in Sources */,
				DA87B6FD270CA6F40012D133 /* UIViewController.swift in Sources */,
				DAE5C35C2759289C001C75BE /* HomeDataManager.swift in Sources */,
				DA87B6FA270CA6F40012D133 /* Date.swift in Sources */,
				DAD9A263275930EA00E99682 /* HomeViewController.swift in Sources */,
				DABEFC6B276B662A00362CA5 /* GetPreviewTips.swift in Sources */,
				DA6ECA4927B2B53400433D75 /* HomeCategoryBottomSheetViewController.swift in Sources */,
				DAF99E1927DBAE8400A85FD7 /* WriteViewController.swift in Sources */,
				DAD40FFB26FDD790008358B5 /* AppDelegate.swift in Sources */,
				DAFBB9DC28088D1600422007 /* GetMyPageResponse.swift in Sources */,
				DAD681AB2778DC8400B85FD9 /* GetCategoryFeedResponse.swift in Sources */,
				DAFBB9D928088CAE00422007 /* MyDataManager.swift in Sources */,
				DAC6D83627593F7A004625FB /* GetUserCeategoryResponse.swift in Sources */,
				DA87B705270CA6F40012D133 /* BaseTabBarController.swift in Sources */,
				DAD40FFD26FDD790008358B5 /* SceneDelegate.swift in Sources */,
				DAE5C3442758BCBE001C75BE /* TipkleViewController.swift in Sources */,
				DA87B6F9270CA6F40012D133 /* Device.swift in Sources */,
				DAE5C3562758BFC5001C75BE /* MyPageViewController.swift in Sources */,
				DA87B6F7270CA6F40012D133 /* Constant.swift in Sources */,
				DA7F157327C3E90A00196515 /* PostRatingStarRequest.swift in Sources */,
				DAA30AEC2755055400D665D6 /* LoginDataManager.swift in Sources */,
				DA87B700270CA6F40012D133 /* UIColor.swift in Sources */,
				DADB23A127BEA8B4004BD51A /* GetFeedDetailResponse.swift in Sources */,
				DAA9898A27CE6CC5000FE9C3 /* GetCommentResponse.swift in Sources */,
				DA87B6F8270CA6F40012D133 /* IndicatorView.swift in Sources */,
				DA87B6FB270CA6F40012D133 /* String.swift in Sources */,
				DAE8D9E927BACA5700C63D3C /* HomeFeedDetailViewController.swift in Sources */,
				DA87B707270CA6F40012D133 /* LoginViewController.swift in Sources */,
				DA93234027748D8600D5B489 /* HomeLookAroundCollectionViewCell.swift in Sources */,
				DAE5C3522758BFB2001C75BE /* SearchViewController.swift in Sources */,
				DA7F157027C3E32C00196515 /* RatingAlertViewController.swift in Sources */,
				DA87B70E270CA6F40012D133 /* SignInViewController.swift in Sources */,
				DA87B706270CA6F40012D133 /* BaseViewController.swift in Sources */,
				DA87B6FF270CA6F40012D133 /* UIFont.swift in Sources */,
				DA8CAA5A278687B5004BFA9D /* HomeCollectionViewCell.swift in Sources */,
				DA87B6FC270CA6F40012D133 /* UIButton.swift in Sources */,
				DAA9898727CE6C68000FE9C3 /* CommentTableViewCell.swift in Sources */,
				DA87B6FE270CA6F40012D133 /* UINavigationBar.swift in Sources */,
				DA87B714270CA6F40012D133 /* TransitionNextViewController.swift in Sources */,
				DAA30AF727552E6300D665D6 /* fcmToken.swift in Sources */,
				DA87B71A270CA6F40012D133 /* AlertViewController.swift in Sources */,
			);
			runOnlyForDeploymentPostprocessing = 0;
		};
/* End PBXSourcesBuildPhase section */

/* Begin PBXVariantGroup section */
		DAD4100026FDD790008358B5 /* Main.storyboard */ = {
			isa = PBXVariantGroup;
			children = (
				DAD4100126FDD790008358B5 /* Base */,
			);
			name = Main.storyboard;
			sourceTree = "<group>";
		};
		DAD4100526FDD791008358B5 /* LaunchScreen.storyboard */ = {
			isa = PBXVariantGroup;
			children = (
				DAD4100626FDD791008358B5 /* Base */,
			);
			name = LaunchScreen.storyboard;
			sourceTree = "<group>";
		};
/* End PBXVariantGroup section */

/* Begin XCBuildConfiguration section */
		DAD4100926FDD791008358B5 /* Debug */ = {
			isa = XCBuildConfiguration;
			buildSettings = {
				ALWAYS_SEARCH_USER_PATHS = NO;
				CLANG_ANALYZER_NONNULL = YES;
				CLANG_ANALYZER_NUMBER_OBJECT_CONVERSION = YES_AGGRESSIVE;
				CLANG_CXX_LANGUAGE_STANDARD = "gnu++14";
				CLANG_CXX_LIBRARY = "libc++";
				CLANG_ENABLE_MODULES = YES;
				CLANG_ENABLE_OBJC_ARC = YES;
				CLANG_ENABLE_OBJC_WEAK = YES;
				CLANG_WARN_BLOCK_CAPTURE_AUTORELEASING = YES;
				CLANG_WARN_BOOL_CONVERSION = YES;
				CLANG_WARN_COMMA = YES;
				CLANG_WARN_CONSTANT_CONVERSION = YES;
				CLANG_WARN_DEPRECATED_OBJC_IMPLEMENTATIONS = YES;
				CLANG_WARN_DIRECT_OBJC_ISA_USAGE = YES_ERROR;
				CLANG_WARN_DOCUMENTATION_COMMENTS = YES;
				CLANG_WARN_EMPTY_BODY = YES;
				CLANG_WARN_ENUM_CONVERSION = YES;
				CLANG_WARN_INFINITE_RECURSION = YES;
				CLANG_WARN_INT_CONVERSION = YES;
				CLANG_WARN_NON_LITERAL_NULL_CONVERSION = YES;
				CLANG_WARN_OBJC_IMPLICIT_RETAIN_SELF = YES;
				CLANG_WARN_OBJC_LITERAL_CONVERSION = YES;
				CLANG_WARN_OBJC_ROOT_CLASS = YES_ERROR;
				CLANG_WARN_QUOTED_INCLUDE_IN_FRAMEWORK_HEADER = YES;
				CLANG_WARN_RANGE_LOOP_ANALYSIS = YES;
				CLANG_WARN_STRICT_PROTOTYPES = YES;
				CLANG_WARN_SUSPICIOUS_MOVE = YES;
				CLANG_WARN_UNGUARDED_AVAILABILITY = YES_AGGRESSIVE;
				CLANG_WARN_UNREACHABLE_CODE = YES;
				CLANG_WARN__DUPLICATE_METHOD_MATCH = YES;
				COPY_PHASE_STRIP = NO;
				DEBUG_INFORMATION_FORMAT = dwarf;
				ENABLE_STRICT_OBJC_MSGSEND = YES;
				ENABLE_TESTABILITY = YES;
				GCC_C_LANGUAGE_STANDARD = gnu11;
				GCC_DYNAMIC_NO_PIC = NO;
				GCC_NO_COMMON_BLOCKS = YES;
				GCC_OPTIMIZATION_LEVEL = 0;
				GCC_PREPROCESSOR_DEFINITIONS = (
					"DEBUG=1",
					"$(inherited)",
				);
				GCC_WARN_64_TO_32_BIT_CONVERSION = YES;
				GCC_WARN_ABOUT_RETURN_TYPE = YES_ERROR;
				GCC_WARN_UNDECLARED_SELECTOR = YES;
				GCC_WARN_UNINITIALIZED_AUTOS = YES_AGGRESSIVE;
				GCC_WARN_UNUSED_FUNCTION = YES;
				GCC_WARN_UNUSED_VARIABLE = YES;
				IPHONEOS_DEPLOYMENT_TARGET = 14.5;
				MTL_ENABLE_DEBUG_INFO = INCLUDE_SOURCE;
				MTL_FAST_MATH = YES;
				ONLY_ACTIVE_ARCH = YES;
				SDKROOT = iphoneos;
				SWIFT_ACTIVE_COMPILATION_CONDITIONS = DEBUG;
				SWIFT_OPTIMIZATION_LEVEL = "-Onone";
			};
			name = Debug;
		};
		DAD4100A26FDD791008358B5 /* Release */ = {
			isa = XCBuildConfiguration;
			buildSettings = {
				ALWAYS_SEARCH_USER_PATHS = NO;
				CLANG_ANALYZER_NONNULL = YES;
				CLANG_ANALYZER_NUMBER_OBJECT_CONVERSION = YES_AGGRESSIVE;
				CLANG_CXX_LANGUAGE_STANDARD = "gnu++14";
				CLANG_CXX_LIBRARY = "libc++";
				CLANG_ENABLE_MODULES = YES;
				CLANG_ENABLE_OBJC_ARC = YES;
				CLANG_ENABLE_OBJC_WEAK = YES;
				CLANG_WARN_BLOCK_CAPTURE_AUTORELEASING = YES;
				CLANG_WARN_BOOL_CONVERSION = YES;
				CLANG_WARN_COMMA = YES;
				CLANG_WARN_CONSTANT_CONVERSION = YES;
				CLANG_WARN_DEPRECATED_OBJC_IMPLEMENTATIONS = YES;
				CLANG_WARN_DIRECT_OBJC_ISA_USAGE = YES_ERROR;
				CLANG_WARN_DOCUMENTATION_COMMENTS = YES;
				CLANG_WARN_EMPTY_BODY = YES;
				CLANG_WARN_ENUM_CONVERSION = YES;
				CLANG_WARN_INFINITE_RECURSION = YES;
				CLANG_WARN_INT_CONVERSION = YES;
				CLANG_WARN_NON_LITERAL_NULL_CONVERSION = YES;
				CLANG_WARN_OBJC_IMPLICIT_RETAIN_SELF = YES;
				CLANG_WARN_OBJC_LITERAL_CONVERSION = YES;
				CLANG_WARN_OBJC_ROOT_CLASS = YES_ERROR;
				CLANG_WARN_QUOTED_INCLUDE_IN_FRAMEWORK_HEADER = YES;
				CLANG_WARN_RANGE_LOOP_ANALYSIS = YES;
				CLANG_WARN_STRICT_PROTOTYPES = YES;
				CLANG_WARN_SUSPICIOUS_MOVE = YES;
				CLANG_WARN_UNGUARDED_AVAILABILITY = YES_AGGRESSIVE;
				CLANG_WARN_UNREACHABLE_CODE = YES;
				CLANG_WARN__DUPLICATE_METHOD_MATCH = YES;
				COPY_PHASE_STRIP = NO;
				DEBUG_INFORMATION_FORMAT = "dwarf-with-dsym";
				ENABLE_NS_ASSERTIONS = NO;
				ENABLE_STRICT_OBJC_MSGSEND = YES;
				GCC_C_LANGUAGE_STANDARD = gnu11;
				GCC_NO_COMMON_BLOCKS = YES;
				GCC_WARN_64_TO_32_BIT_CONVERSION = YES;
				GCC_WARN_ABOUT_RETURN_TYPE = YES_ERROR;
				GCC_WARN_UNDECLARED_SELECTOR = YES;
				GCC_WARN_UNINITIALIZED_AUTOS = YES_AGGRESSIVE;
				GCC_WARN_UNUSED_FUNCTION = YES;
				GCC_WARN_UNUSED_VARIABLE = YES;
				IPHONEOS_DEPLOYMENT_TARGET = 14.5;
				MTL_ENABLE_DEBUG_INFO = NO;
				MTL_FAST_MATH = YES;
				SDKROOT = iphoneos;
				SWIFT_COMPILATION_MODE = wholemodule;
				SWIFT_OPTIMIZATION_LEVEL = "-O";
				VALIDATE_PRODUCT = YES;
			};
			name = Release;
		};
		DAD4100C26FDD791008358B5 /* Debug */ = {
			isa = XCBuildConfiguration;
			baseConfigurationReference = 37981BB9E48E5DAEC04DE544 /* Pods-Tipkle.debug.xcconfig */;
			buildSettings = {
				ASSETCATALOG_COMPILER_APPICON_NAME = AppIcon;
				ASSETCATALOG_COMPILER_GLOBAL_ACCENT_COLOR_NAME = AccentColor;
				CODE_SIGN_STYLE = Automatic;
				DEVELOPMENT_TEAM = T9N7L92856;
				INFOPLIST_FILE = Tipkle/Info.plist;
				IPHONEOS_DEPLOYMENT_TARGET = 13.0;
				LD_RUNPATH_SEARCH_PATHS = (
					"$(inherited)",
					"@executable_path/Frameworks",
				);
				PRODUCT_BUNDLE_IDENTIFIER = com.yuri.Tipkle;
				PRODUCT_NAME = "$(TARGET_NAME)";
				SWIFT_VERSION = 5.0;
				TARGETED_DEVICE_FAMILY = 1;
			};
			name = Debug;
		};
		DAD4100D26FDD791008358B5 /* Release */ = {
			isa = XCBuildConfiguration;
			baseConfigurationReference = 3D60D2FFCCED6A84E7917FD3 /* Pods-Tipkle.release.xcconfig */;
			buildSettings = {
				ASSETCATALOG_COMPILER_APPICON_NAME = AppIcon;
				ASSETCATALOG_COMPILER_GLOBAL_ACCENT_COLOR_NAME = AccentColor;
				CODE_SIGN_STYLE = Automatic;
				DEVELOPMENT_TEAM = T9N7L92856;
				INFOPLIST_FILE = Tipkle/Info.plist;
				IPHONEOS_DEPLOYMENT_TARGET = 13.0;
				LD_RUNPATH_SEARCH_PATHS = (
					"$(inherited)",
					"@executable_path/Frameworks",
				);
				PRODUCT_BUNDLE_IDENTIFIER = com.yuri.Tipkle;
				PRODUCT_NAME = "$(TARGET_NAME)";
				SWIFT_VERSION = 5.0;
				TARGETED_DEVICE_FAMILY = 1;
			};
			name = Release;
		};
/* End XCBuildConfiguration section */

/* Begin XCConfigurationList section */
		DAD40FF226FDD790008358B5 /* Build configuration list for PBXProject "Tipkle" */ = {
			isa = XCConfigurationList;
			buildConfigurations = (
				DAD4100926FDD791008358B5 /* Debug */,
				DAD4100A26FDD791008358B5 /* Release */,
			);
			defaultConfigurationIsVisible = 0;
			defaultConfigurationName = Release;
		};
		DAD4100B26FDD791008358B5 /* Build configuration list for PBXNativeTarget "Tipkle" */ = {
			isa = XCConfigurationList;
			buildConfigurations = (
				DAD4100C26FDD791008358B5 /* Debug */,
				DAD4100D26FDD791008358B5 /* Release */,
			);
			defaultConfigurationIsVisible = 0;
			defaultConfigurationName = Release;
		};
/* End XCConfigurationList section */

/* Begin XCRemoteSwiftPackageReference section */
		DA6ECA4B27B2BE4200433D75 /* XCRemoteSwiftPackageReference "PanModal" */ = {
			isa = XCRemoteSwiftPackageReference;
			repositoryURL = "https://github.com/slackhq/PanModal.git";
			requirement = {
				kind = upToNextMajorVersion;
				minimumVersion = 1.0.0;
			};
		};
		DA75A4F42764DEDC00D7C9F9 /* XCRemoteSwiftPackageReference "ImageSlideshow" */ = {
			isa = XCRemoteSwiftPackageReference;
			repositoryURL = "https://github.com/zvonicek/ImageSlideshow.git";
			requirement = {
				branch = master;
				kind = branch;
			};
		};
		DA87B71E270CA9380012D133 /* XCRemoteSwiftPackageReference "SnapKit" */ = {
			isa = XCRemoteSwiftPackageReference;
			repositoryURL = "https://github.com/SnapKit/SnapKit.git";
			requirement = {
				kind = upToNextMajorVersion;
				minimumVersion = 5.0.0;
			};
		};
		DADB239D27BEA38F004BD51A /* XCRemoteSwiftPackageReference "AdvancedPageControl" */ = {
			isa = XCRemoteSwiftPackageReference;
			repositoryURL = "https://github.com/mohn93/AdvancedPageControl.git";
			requirement = {
				kind = upToNextMajorVersion;
				minimumVersion = 0.9.0;
			};
		};
/* End XCRemoteSwiftPackageReference section */

/* Begin XCSwiftPackageProductDependency section */
		DA6ECA4C27B2BE4200433D75 /* PanModal */ = {
			isa = XCSwiftPackageProductDependency;
			package = DA6ECA4B27B2BE4200433D75 /* XCRemoteSwiftPackageReference "PanModal" */;
			productName = PanModal;
		};
		DA75A4F52764DEDC00D7C9F9 /* ImageSlideshow */ = {
			isa = XCSwiftPackageProductDependency;
			package = DA75A4F42764DEDC00D7C9F9 /* XCRemoteSwiftPackageReference "ImageSlideshow" */;
			productName = ImageSlideshow;
		};
		DA75A4F72764DEDC00D7C9F9 /* ImageSlideshow/Alamofire */ = {
			isa = XCSwiftPackageProductDependency;
			package = DA75A4F42764DEDC00D7C9F9 /* XCRemoteSwiftPackageReference "ImageSlideshow" */;
			productName = ImageSlideshow/Alamofire;
		};
		DA75A4F92764DEDC00D7C9F9 /* ImageSlideshow/Kingfisher */ = {
			isa = XCSwiftPackageProductDependency;
			package = DA75A4F42764DEDC00D7C9F9 /* XCRemoteSwiftPackageReference "ImageSlideshow" */;
			productName = ImageSlideshow/Kingfisher;
		};
		DA75A4FB2764DEDC00D7C9F9 /* ImageSlideshow/SDWebImage */ = {
			isa = XCSwiftPackageProductDependency;
			package = DA75A4F42764DEDC00D7C9F9 /* XCRemoteSwiftPackageReference "ImageSlideshow" */;
			productName = ImageSlideshow/SDWebImage;
		};
		DA87B71F270CA9380012D133 /* SnapKit */ = {
			isa = XCSwiftPackageProductDependency;
			package = DA87B71E270CA9380012D133 /* XCRemoteSwiftPackageReference "SnapKit" */;
			productName = SnapKit;
		};
		DADB239E27BEA38F004BD51A /* AdvancedPageControl */ = {
			isa = XCSwiftPackageProductDependency;
			package = DADB239D27BEA38F004BD51A /* XCRemoteSwiftPackageReference "AdvancedPageControl" */;
			productName = AdvancedPageControl;
		};
/* End XCSwiftPackageProductDependency section */
	};
	rootObject = DAD40FEF26FDD790008358B5 /* Project object */;
}
